// !$*UTF8*$!
{
	archiveVersion = 1;
	classes = {
	};
	objectVersion = 46;
	objects = {

/* Begin PBXBuildFile section */
		FA0C2A161F81A9C700875225 /* AppDelegate.swift in Sources */ = {isa = PBXBuildFile; fileRef = FA0C2A151F81A9C700875225 /* AppDelegate.swift */; };
		FA0C2A1D1F81A9C700875225 /* Main.storyboard in Resources */ = {isa = PBXBuildFile; fileRef = FA0C2A1B1F81A9C700875225 /* Main.storyboard */; };
		FA0C2A1F1F81A9C700875225 /* Assets.xcassets in Resources */ = {isa = PBXBuildFile; fileRef = FA0C2A1E1F81A9C700875225 /* Assets.xcassets */; };
		FA0C2A221F81A9C700875225 /* LaunchScreen.storyboard in Resources */ = {isa = PBXBuildFile; fileRef = FA0C2A201F81A9C700875225 /* LaunchScreen.storyboard */; };
		FA0C2A2D1F81A9C700875225 /* FinalProject_Start_WithTestsTests.swift in Sources */ = {isa = PBXBuildFile; fileRef = FA0C2A2C1F81A9C700875225 /* FinalProject_Start_WithTestsTests.swift */; };
		FA0C2A3E1F81AB1800875225 /* AwardsViewController.swift in Sources */ = {isa = PBXBuildFile; fileRef = FA0C2A3B1F81AB1800875225 /* AwardsViewController.swift */; };
		FA0C2A441F81AB3B00875225 /* Assignment.swift in Sources */ = {isa = PBXBuildFile; fileRef = FA0C2A3F1F81AB3B00875225 /* Assignment.swift */; };
		FA0C2A451F81AB3B00875225 /* PracticeUnit.swift in Sources */ = {isa = PBXBuildFile; fileRef = FA0C2A401F81AB3B00875225 /* PracticeUnit.swift */; };
		FA0C2A461F81AB3B00875225 /* Task.swift in Sources */ = {isa = PBXBuildFile; fileRef = FA0C2A411F81AB3B00875225 /* Task.swift */; };
		FA0C2A471F81AB3B00875225 /* Student.swift in Sources */ = {isa = PBXBuildFile; fileRef = FA0C2A421F81AB3B00875225 /* Student.swift */; };
		FA0C2A481F81AB3B00875225 /* AppModel.swift in Sources */ = {isa = PBXBuildFile; fileRef = FA0C2A431F81AB3B00875225 /* AppModel.swift */; };
		FA0C2A4C1F81AE3B00875225 /* Teacher.swift in Sources */ = {isa = PBXBuildFile; fileRef = FA0C2A4B1F81AE3B00875225 /* Teacher.swift */; };
		FA0C2A4E1F81AE8200875225 /* Person.swift in Sources */ = {isa = PBXBuildFile; fileRef = FA0C2A4D1F81AE8200875225 /* Person.swift */; };
		FA0C2A521F81B27800875225 /* StudentListViewController.swift in Sources */ = {isa = PBXBuildFile; fileRef = FA0C2A511F81B27800875225 /* StudentListViewController.swift */; };
		FA0C2A541F81B29500875225 /* AssignmentListViewController.swift in Sources */ = {isa = PBXBuildFile; fileRef = FA0C2A531F81B29500875225 /* AssignmentListViewController.swift */; };
		FA13BA691F887E980098BFE2 /* Awards.swift in Sources */ = {isa = PBXBuildFile; fileRef = FA13BA681F887E980098BFE2 /* Awards.swift */; };
		FA21AF381FD5C9670065E5B3 /* DataBase.swift in Sources */ = {isa = PBXBuildFile; fileRef = FA21AF371FD5C9670065E5B3 /* DataBase.swift */; };
		FA2690371F91382400B3B048 /* TaskHeaderViewCell.swift in Sources */ = {isa = PBXBuildFile; fileRef = FA2690361F91382400B3B048 /* TaskHeaderViewCell.swift */; };
		FA2690391F913C6400B3B048 /* TaskItemViewDayCell.swift in Sources */ = {isa = PBXBuildFile; fileRef = FA2690381F913C6400B3B048 /* TaskItemViewDayCell.swift */; };
		FA458B4B1FAFE62900B939AD /* TaskItemViewValidateCell.swift in Sources */ = {isa = PBXBuildFile; fileRef = FA458B4A1FAFE62900B939AD /* TaskItemViewValidateCell.swift */; };
		FA460B8B1FB25D7F00448D65 /* SegmentedViewController.swift in Sources */ = {isa = PBXBuildFile; fileRef = FA460B8A1FB25D7F00448D65 /* SegmentedViewController.swift */; };
		FA564F031FDC6C8A00FD2E9D /* NSUserDefaultsManager.swift in Sources */ = {isa = PBXBuildFile; fileRef = FA564F021FDC6C8A00FD2E9D /* NSUserDefaultsManager.swift */; };
		FA564F051FDC954F00FD2E9D /* iCloudManager.swift in Sources */ = {isa = PBXBuildFile; fileRef = FA564F041FDC954F00FD2E9D /* iCloudManager.swift */; };
		FA63342F1FC4F06C008E74F1 /* OverallProgress.xib in Resources */ = {isa = PBXBuildFile; fileRef = FA63342E1FC4F06C008E74F1 /* OverallProgress.xib */; };
		FA6334331FC4F381008E74F1 /* OverallProgress.swift in Sources */ = {isa = PBXBuildFile; fileRef = FA6334321FC4F381008E74F1 /* OverallProgress.swift */; };
		FA6334351FC4F68B008E74F1 /* AwardsComposite.xib in Resources */ = {isa = PBXBuildFile; fileRef = FA6334341FC4F68B008E74F1 /* AwardsComposite.xib */; };
		FA6334371FC4F6C7008E74F1 /* AwardsComposite.swift in Sources */ = {isa = PBXBuildFile; fileRef = FA6334361FC4F6C7008E74F1 /* AwardsComposite.swift */; };
		FA6A90AE1FE06A4D00CE786C /* Reachability.swift in Sources */ = {isa = PBXBuildFile; fileRef = FA6A90AD1FE06A4D00CE786C /* Reachability.swift */; };
		FA6A90B11FE06E3800CE786C /* InetConnectionManager.swift in Sources */ = {isa = PBXBuildFile; fileRef = FA6A90B01FE06E3800CE786C /* InetConnectionManager.swift */; };
		FA8516861FA6BF06001FAD44 /* AssignmentViewCellCurrent.swift in Sources */ = {isa = PBXBuildFile; fileRef = FA8516851FA6BF06001FAD44 /* AssignmentViewCellCurrent.swift */; };
		FA8D4B001FE20FB50002107A /* CloudKit.framework in Frameworks */ = {isa = PBXBuildFile; fileRef = FA8D4AFF1FE20FB50002107A /* CloudKit.framework */; };
		FA99CD6E1FCF7DD300207ECE /* Medals.xib in Resources */ = {isa = PBXBuildFile; fileRef = FA99CD6D1FCF7DD300207ECE /* Medals.xib */; };
		FA99CD701FCF82E700207ECE /* Medals.swift in Sources */ = {isa = PBXBuildFile; fileRef = FA99CD6F1FCF82E700207ECE /* Medals.swift */; };
		FA99CD721FCF840900207ECE /* MedalCollectionViewCell.swift in Sources */ = {isa = PBXBuildFile; fileRef = FA99CD711FCF840900207ECE /* MedalCollectionViewCell.swift */; };
		FA99CD741FCF9F7700207ECE /* MedalsViewController.swift in Sources */ = {isa = PBXBuildFile; fileRef = FA99CD731FCF9F7700207ECE /* MedalsViewController.swift */; };
		FA99CD761FCFA06400207ECE /* MedalsViewCell.swift in Sources */ = {isa = PBXBuildFile; fileRef = FA99CD751FCFA06400207ECE /* MedalsViewCell.swift */; };
		FA99CD781FCFAC9800207ECE /* CollectionViewHeader.swift in Sources */ = {isa = PBXBuildFile; fileRef = FA99CD771FCFAC9800207ECE /* CollectionViewHeader.swift */; };
		FAA222D71FD0BD99009138CA /* MedalsNavigationController.swift in Sources */ = {isa = PBXBuildFile; fileRef = FAA222D61FD0BD99009138CA /* MedalsNavigationController.swift */; };
		FAA609361F896C2F00F29B39 /* StudentViewCell.swift in Sources */ = {isa = PBXBuildFile; fileRef = FAA609351F896C2F00F29B39 /* StudentViewCell.swift */; };
		FAA609381F896E3F00F29B39 /* Factory.swift in Sources */ = {isa = PBXBuildFile; fileRef = FAA609371F896E3F00F29B39 /* Factory.swift */; };
		FAA6093A1F897C5900F29B39 /* NavigationController.swift in Sources */ = {isa = PBXBuildFile; fileRef = FAA609391F897C5900F29B39 /* NavigationController.swift */; };
		FAA6093E1F89B6C300F29B39 /* PracticeDaysViewController.swift in Sources */ = {isa = PBXBuildFile; fileRef = FAA6093D1F89B6C300F29B39 /* PracticeDaysViewController.swift */; };
		FAA609401F89B8F900F29B39 /* DaysViewCell.swift in Sources */ = {isa = PBXBuildFile; fileRef = FAA6093F1F89B8F900F29B39 /* DaysViewCell.swift */; };
		FAA609421F89C14200F29B39 /* TasksViewController.swift in Sources */ = {isa = PBXBuildFile; fileRef = FAA609411F89C14200F29B39 /* TasksViewController.swift */; };
		FAA609441F8A9C6B00F29B39 /* SetingsViewController.swift in Sources */ = {isa = PBXBuildFile; fileRef = FAA609431F8A9C6B00F29B39 /* SetingsViewController.swift */; };
		FAA609461F8AA29200F29B39 /* Settings.swift in Sources */ = {isa = PBXBuildFile; fileRef = FAA609451F8AA29200F29B39 /* Settings.swift */; };
		FAA70EE81FAEA4BF007110B5 /* TasksValidateTableFooter.swift in Sources */ = {isa = PBXBuildFile; fileRef = FAA70EE71FAEA4BF007110B5 /* TasksValidateTableFooter.swift */; };
		FAA70EEA1FAEA4D3007110B5 /* TasksValidateTableFooter.xib in Resources */ = {isa = PBXBuildFile; fileRef = FAA70EE91FAEA4D3007110B5 /* TasksValidateTableFooter.xib */; };
		FAA70EEC1FAEAB50007110B5 /* TasksValidateDTableFooter.xib in Resources */ = {isa = PBXBuildFile; fileRef = FAA70EEB1FAEAB50007110B5 /* TasksValidateDTableFooter.xib */; };
		FAA70EEE1FAEAB69007110B5 /* TasksValidateDTableFooter.swift in Sources */ = {isa = PBXBuildFile; fileRef = FAA70EED1FAEAB69007110B5 /* TasksValidateDTableFooter.swift */; };
		FAA7C3951F832BC300D7AC4A /* TaskItem.swift in Sources */ = {isa = PBXBuildFile; fileRef = FAA7C3941F832BC300D7AC4A /* TaskItem.swift */; };
		FAA7C3971F832CC900D7AC4A /* Utilities.swift in Sources */ = {isa = PBXBuildFile; fileRef = FAA7C3961F832CC900D7AC4A /* Utilities.swift */; };
		FAB542E01FAD30590016290C /* TasksTableHeader.swift in Sources */ = {isa = PBXBuildFile; fileRef = FAB542DF1FAD30590016290C /* TasksTableHeader.swift */; };
		FAB542E41FAD36970016290C /* TasksTableHeader.xib in Resources */ = {isa = PBXBuildFile; fileRef = FAB542E31FAD36970016290C /* TasksTableHeader.xib */; };
		FAB542E61FAD4B990016290C /* TasksTableFooter.swift in Sources */ = {isa = PBXBuildFile; fileRef = FAB542E51FAD4B990016290C /* TasksTableFooter.swift */; };
		FAB542E81FAD4BA60016290C /* TasksTableFooter.xib in Resources */ = {isa = PBXBuildFile; fileRef = FAB542E71FAD4BA60016290C /* TasksTableFooter.xib */; };
		FAB542EA1FAE16910016290C /* TaskViewValidateController.swift in Sources */ = {isa = PBXBuildFile; fileRef = FAB542E91FAE16910016290C /* TaskViewValidateController.swift */; };
		FAC388681FA2C4EF0087CA87 /* AssignmentViewCell.swift in Sources */ = {isa = PBXBuildFile; fileRef = FAC388671FA2C4EF0087CA87 /* AssignmentViewCell.swift */; };
		FAC54BFA1FB22B690083D53F /* TaskItemActiveDayCell.swift in Sources */ = {isa = PBXBuildFile; fileRef = FAC54BF91FB22B690083D53F /* TaskItemActiveDayCell.swift */; };
		FAC54BFC1FB23A1A0083D53F /* TaskItemValidateActiveCell.swift in Sources */ = {isa = PBXBuildFile; fileRef = FAC54BFB1FB23A1A0083D53F /* TaskItemValidateActiveCell.swift */; };
		FAC803F41FCD211800FD0C82 /* CloudRepository.swift in Sources */ = {isa = PBXBuildFile; fileRef = FAC803F31FCD211800FD0C82 /* CloudRepository.swift */; };
		FAC803F61FCD278200FD0C82 /* DataLayer.swift in Sources */ = {isa = PBXBuildFile; fileRef = FAC803F51FCD278200FD0C82 /* DataLayer.swift */; };
		FAF15B931FBBDA8D002577E6 /* AwardLaurel.xib in Resources */ = {isa = PBXBuildFile; fileRef = FAF15B921FBBDA8D002577E6 /* AwardLaurel.xib */; };
		FAF15B951FBBF21A002577E6 /* AwardLaurel.swift in Sources */ = {isa = PBXBuildFile; fileRef = FAF15B941FBBF21A002577E6 /* AwardLaurel.swift */; };
		FAF58A781FD757AE00729CD0 /* DBSeedViewController.swift in Sources */ = {isa = PBXBuildFile; fileRef = FAF58A771FD757AE00729CD0 /* DBSeedViewController.swift */; };
		FAF58A7A1FD7586600729CD0 /* Repository.swift in Sources */ = {isa = PBXBuildFile; fileRef = FAF58A791FD7586600729CD0 /* Repository.swift */; };
		FAF58A7C1FD75BFD00729CD0 /* Constants.swift in Sources */ = {isa = PBXBuildFile; fileRef = FAF58A7B1FD75BFD00729CD0 /* Constants.swift */; };
/* End PBXBuildFile section */

/* Begin PBXContainerItemProxy section */
		FA0C2A291F81A9C700875225 /* PBXContainerItemProxy */ = {
			isa = PBXContainerItemProxy;
			containerPortal = FA0C2A0A1F81A9C700875225 /* Project object */;
			proxyType = 1;
			remoteGlobalIDString = FA0C2A111F81A9C700875225;
			remoteInfo = FinalProject_Start_WithTests;
		};
/* End PBXContainerItemProxy section */

/* Begin PBXFileReference section */
		FA0C2A121F81A9C700875225 /* FinalProject_Start_WithTests.app */ = {isa = PBXFileReference; explicitFileType = wrapper.application; includeInIndex = 0; path = FinalProject_Start_WithTests.app; sourceTree = BUILT_PRODUCTS_DIR; };
		FA0C2A151F81A9C700875225 /* AppDelegate.swift */ = {isa = PBXFileReference; lastKnownFileType = sourcecode.swift; path = AppDelegate.swift; sourceTree = "<group>"; };
		FA0C2A1C1F81A9C700875225 /* Base */ = {isa = PBXFileReference; lastKnownFileType = file.storyboard; name = Base; path = Base.lproj/Main.storyboard; sourceTree = "<group>"; };
		FA0C2A1E1F81A9C700875225 /* Assets.xcassets */ = {isa = PBXFileReference; lastKnownFileType = folder.assetcatalog; path = Assets.xcassets; sourceTree = "<group>"; };
		FA0C2A211F81A9C700875225 /* Base */ = {isa = PBXFileReference; lastKnownFileType = file.storyboard; name = Base; path = Base.lproj/LaunchScreen.storyboard; sourceTree = "<group>"; };
		FA0C2A231F81A9C700875225 /* Info.plist */ = {isa = PBXFileReference; lastKnownFileType = text.plist.xml; path = Info.plist; sourceTree = "<group>"; };
		FA0C2A281F81A9C700875225 /* FinalProject_Start_WithTestsTests.xctest */ = {isa = PBXFileReference; explicitFileType = wrapper.cfbundle; includeInIndex = 0; path = FinalProject_Start_WithTestsTests.xctest; sourceTree = BUILT_PRODUCTS_DIR; };
		FA0C2A2C1F81A9C700875225 /* FinalProject_Start_WithTestsTests.swift */ = {isa = PBXFileReference; lastKnownFileType = sourcecode.swift; path = FinalProject_Start_WithTestsTests.swift; sourceTree = "<group>"; };
		FA0C2A2E1F81A9C700875225 /* Info.plist */ = {isa = PBXFileReference; lastKnownFileType = text.plist.xml; path = Info.plist; sourceTree = "<group>"; };
		FA0C2A3B1F81AB1800875225 /* AwardsViewController.swift */ = {isa = PBXFileReference; fileEncoding = 4; lastKnownFileType = sourcecode.swift; path = AwardsViewController.swift; sourceTree = "<group>"; };
		FA0C2A3F1F81AB3B00875225 /* Assignment.swift */ = {isa = PBXFileReference; fileEncoding = 4; lastKnownFileType = sourcecode.swift; path = Assignment.swift; sourceTree = "<group>"; };
		FA0C2A401F81AB3B00875225 /* PracticeUnit.swift */ = {isa = PBXFileReference; fileEncoding = 4; lastKnownFileType = sourcecode.swift; path = PracticeUnit.swift; sourceTree = "<group>"; };
		FA0C2A411F81AB3B00875225 /* Task.swift */ = {isa = PBXFileReference; fileEncoding = 4; lastKnownFileType = sourcecode.swift; path = Task.swift; sourceTree = "<group>"; };
		FA0C2A421F81AB3B00875225 /* Student.swift */ = {isa = PBXFileReference; fileEncoding = 4; lastKnownFileType = sourcecode.swift; path = Student.swift; sourceTree = "<group>"; };
		FA0C2A431F81AB3B00875225 /* AppModel.swift */ = {isa = PBXFileReference; fileEncoding = 4; lastKnownFileType = sourcecode.swift; path = AppModel.swift; sourceTree = "<group>"; };
		FA0C2A4B1F81AE3B00875225 /* Teacher.swift */ = {isa = PBXFileReference; fileEncoding = 4; lastKnownFileType = sourcecode.swift; path = Teacher.swift; sourceTree = "<group>"; };
		FA0C2A4D1F81AE8200875225 /* Person.swift */ = {isa = PBXFileReference; fileEncoding = 4; lastKnownFileType = sourcecode.swift; path = Person.swift; sourceTree = "<group>"; };
		FA0C2A511F81B27800875225 /* StudentListViewController.swift */ = {isa = PBXFileReference; fileEncoding = 4; lastKnownFileType = sourcecode.swift; path = StudentListViewController.swift; sourceTree = "<group>"; };
		FA0C2A531F81B29500875225 /* AssignmentListViewController.swift */ = {isa = PBXFileReference; fileEncoding = 4; lastKnownFileType = sourcecode.swift; path = AssignmentListViewController.swift; sourceTree = "<group>"; };
		FA13BA681F887E980098BFE2 /* Awards.swift */ = {isa = PBXFileReference; fileEncoding = 4; lastKnownFileType = sourcecode.swift; path = Awards.swift; sourceTree = "<group>"; };
		FA21AF371FD5C9670065E5B3 /* DataBase.swift */ = {isa = PBXFileReference; fileEncoding = 4; lastKnownFileType = sourcecode.swift; path = DataBase.swift; sourceTree = "<group>"; };
		FA2690361F91382400B3B048 /* TaskHeaderViewCell.swift */ = {isa = PBXFileReference; fileEncoding = 4; lastKnownFileType = sourcecode.swift; path = TaskHeaderViewCell.swift; sourceTree = "<group>"; };
		FA2690381F913C6400B3B048 /* TaskItemViewDayCell.swift */ = {isa = PBXFileReference; fileEncoding = 4; lastKnownFileType = sourcecode.swift; path = TaskItemViewDayCell.swift; sourceTree = "<group>"; };
		FA458B4A1FAFE62900B939AD /* TaskItemViewValidateCell.swift */ = {isa = PBXFileReference; fileEncoding = 4; lastKnownFileType = sourcecode.swift; path = TaskItemViewValidateCell.swift; sourceTree = "<group>"; };
		FA460B8A1FB25D7F00448D65 /* SegmentedViewController.swift */ = {isa = PBXFileReference; fileEncoding = 4; lastKnownFileType = sourcecode.swift; path = SegmentedViewController.swift; sourceTree = "<group>"; };
		FA564F021FDC6C8A00FD2E9D /* NSUserDefaultsManager.swift */ = {isa = PBXFileReference; fileEncoding = 4; lastKnownFileType = sourcecode.swift; path = NSUserDefaultsManager.swift; sourceTree = "<group>"; };
		FA564F041FDC954F00FD2E9D /* iCloudManager.swift */ = {isa = PBXFileReference; fileEncoding = 4; lastKnownFileType = sourcecode.swift; path = iCloudManager.swift; sourceTree = "<group>"; };
		FA63342E1FC4F06C008E74F1 /* OverallProgress.xib */ = {isa = PBXFileReference; fileEncoding = 4; lastKnownFileType = file.xib; path = OverallProgress.xib; sourceTree = "<group>"; };
		FA6334321FC4F381008E74F1 /* OverallProgress.swift */ = {isa = PBXFileReference; fileEncoding = 4; lastKnownFileType = sourcecode.swift; path = OverallProgress.swift; sourceTree = "<group>"; };
		FA6334341FC4F68B008E74F1 /* AwardsComposite.xib */ = {isa = PBXFileReference; fileEncoding = 4; lastKnownFileType = file.xib; path = AwardsComposite.xib; sourceTree = "<group>"; };
		FA6334361FC4F6C7008E74F1 /* AwardsComposite.swift */ = {isa = PBXFileReference; fileEncoding = 4; lastKnownFileType = sourcecode.swift; path = AwardsComposite.swift; sourceTree = "<group>"; };
		FA6A90AD1FE06A4D00CE786C /* Reachability.swift */ = {isa = PBXFileReference; fileEncoding = 4; lastKnownFileType = sourcecode.swift; path = Reachability.swift; sourceTree = "<group>"; };
		FA6A90B01FE06E3800CE786C /* InetConnectionManager.swift */ = {isa = PBXFileReference; fileEncoding = 4; lastKnownFileType = sourcecode.swift; path = InetConnectionManager.swift; sourceTree = "<group>"; };
		FA8516851FA6BF06001FAD44 /* AssignmentViewCellCurrent.swift */ = {isa = PBXFileReference; fileEncoding = 4; lastKnownFileType = sourcecode.swift; path = AssignmentViewCellCurrent.swift; sourceTree = "<group>"; };
		FA8D4AFF1FE20FB50002107A /* CloudKit.framework */ = {isa = PBXFileReference; lastKnownFileType = wrapper.framework; name = CloudKit.framework; path = System/Library/Frameworks/CloudKit.framework; sourceTree = SDKROOT; };
		FA99CD6D1FCF7DD300207ECE /* Medals.xib */ = {isa = PBXFileReference; fileEncoding = 4; lastKnownFileType = file.xib; path = Medals.xib; sourceTree = "<group>"; };
		FA99CD6F1FCF82E700207ECE /* Medals.swift */ = {isa = PBXFileReference; fileEncoding = 4; lastKnownFileType = sourcecode.swift; path = Medals.swift; sourceTree = "<group>"; };
		FA99CD711FCF840900207ECE /* MedalCollectionViewCell.swift */ = {isa = PBXFileReference; fileEncoding = 4; lastKnownFileType = sourcecode.swift; path = MedalCollectionViewCell.swift; sourceTree = "<group>"; };
		FA99CD731FCF9F7700207ECE /* MedalsViewController.swift */ = {isa = PBXFileReference; fileEncoding = 4; lastKnownFileType = sourcecode.swift; path = MedalsViewController.swift; sourceTree = "<group>"; };
		FA99CD751FCFA06400207ECE /* MedalsViewCell.swift */ = {isa = PBXFileReference; fileEncoding = 4; lastKnownFileType = sourcecode.swift; path = MedalsViewCell.swift; sourceTree = "<group>"; };
		FA99CD771FCFAC9800207ECE /* CollectionViewHeader.swift */ = {isa = PBXFileReference; fileEncoding = 4; lastKnownFileType = sourcecode.swift; path = CollectionViewHeader.swift; sourceTree = "<group>"; };
		FAA222D61FD0BD99009138CA /* MedalsNavigationController.swift */ = {isa = PBXFileReference; fileEncoding = 4; lastKnownFileType = sourcecode.swift; path = MedalsNavigationController.swift; sourceTree = "<group>"; };
		FAA609351F896C2F00F29B39 /* StudentViewCell.swift */ = {isa = PBXFileReference; fileEncoding = 4; lastKnownFileType = sourcecode.swift; path = StudentViewCell.swift; sourceTree = "<group>"; };
		FAA609371F896E3F00F29B39 /* Factory.swift */ = {isa = PBXFileReference; fileEncoding = 4; lastKnownFileType = sourcecode.swift; path = Factory.swift; sourceTree = "<group>"; };
		FAA609391F897C5900F29B39 /* NavigationController.swift */ = {isa = PBXFileReference; fileEncoding = 4; lastKnownFileType = sourcecode.swift; path = NavigationController.swift; sourceTree = "<group>"; };
		FAA6093D1F89B6C300F29B39 /* PracticeDaysViewController.swift */ = {isa = PBXFileReference; fileEncoding = 4; lastKnownFileType = sourcecode.swift; path = PracticeDaysViewController.swift; sourceTree = "<group>"; };
		FAA6093F1F89B8F900F29B39 /* DaysViewCell.swift */ = {isa = PBXFileReference; fileEncoding = 4; lastKnownFileType = sourcecode.swift; path = DaysViewCell.swift; sourceTree = "<group>"; };
		FAA609411F89C14200F29B39 /* TasksViewController.swift */ = {isa = PBXFileReference; fileEncoding = 4; lastKnownFileType = sourcecode.swift; path = TasksViewController.swift; sourceTree = "<group>"; };
		FAA609431F8A9C6B00F29B39 /* SetingsViewController.swift */ = {isa = PBXFileReference; fileEncoding = 4; lastKnownFileType = sourcecode.swift; path = SetingsViewController.swift; sourceTree = "<group>"; };
		FAA609451F8AA29200F29B39 /* Settings.swift */ = {isa = PBXFileReference; fileEncoding = 4; lastKnownFileType = sourcecode.swift; path = Settings.swift; sourceTree = "<group>"; };
		FAA70EE71FAEA4BF007110B5 /* TasksValidateTableFooter.swift */ = {isa = PBXFileReference; fileEncoding = 4; lastKnownFileType = sourcecode.swift; path = TasksValidateTableFooter.swift; sourceTree = "<group>"; };
		FAA70EE91FAEA4D3007110B5 /* TasksValidateTableFooter.xib */ = {isa = PBXFileReference; fileEncoding = 4; lastKnownFileType = file.xib; path = TasksValidateTableFooter.xib; sourceTree = "<group>"; };
		FAA70EEB1FAEAB50007110B5 /* TasksValidateDTableFooter.xib */ = {isa = PBXFileReference; fileEncoding = 4; lastKnownFileType = file.xib; path = TasksValidateDTableFooter.xib; sourceTree = "<group>"; };
		FAA70EED1FAEAB69007110B5 /* TasksValidateDTableFooter.swift */ = {isa = PBXFileReference; fileEncoding = 4; lastKnownFileType = sourcecode.swift; path = TasksValidateDTableFooter.swift; sourceTree = "<group>"; };
		FAA7C3941F832BC300D7AC4A /* TaskItem.swift */ = {isa = PBXFileReference; fileEncoding = 4; lastKnownFileType = sourcecode.swift; path = TaskItem.swift; sourceTree = "<group>"; };
		FAA7C3961F832CC900D7AC4A /* Utilities.swift */ = {isa = PBXFileReference; fileEncoding = 4; lastKnownFileType = sourcecode.swift; path = Utilities.swift; sourceTree = "<group>"; };
		FAB542DF1FAD30590016290C /* TasksTableHeader.swift */ = {isa = PBXFileReference; fileEncoding = 4; lastKnownFileType = sourcecode.swift; path = TasksTableHeader.swift; sourceTree = "<group>"; };
		FAB542E31FAD36970016290C /* TasksTableHeader.xib */ = {isa = PBXFileReference; fileEncoding = 4; lastKnownFileType = file.xib; path = TasksTableHeader.xib; sourceTree = "<group>"; };
		FAB542E51FAD4B990016290C /* TasksTableFooter.swift */ = {isa = PBXFileReference; fileEncoding = 4; lastKnownFileType = sourcecode.swift; path = TasksTableFooter.swift; sourceTree = "<group>"; };
		FAB542E71FAD4BA60016290C /* TasksTableFooter.xib */ = {isa = PBXFileReference; fileEncoding = 4; lastKnownFileType = file.xib; path = TasksTableFooter.xib; sourceTree = "<group>"; };
		FAB542E91FAE16910016290C /* TaskViewValidateController.swift */ = {isa = PBXFileReference; fileEncoding = 4; lastKnownFileType = sourcecode.swift; path = TaskViewValidateController.swift; sourceTree = "<group>"; };
		FAC388671FA2C4EF0087CA87 /* AssignmentViewCell.swift */ = {isa = PBXFileReference; fileEncoding = 4; lastKnownFileType = sourcecode.swift; path = AssignmentViewCell.swift; sourceTree = "<group>"; };
		FAC54BF91FB22B690083D53F /* TaskItemActiveDayCell.swift */ = {isa = PBXFileReference; fileEncoding = 4; lastKnownFileType = sourcecode.swift; path = TaskItemActiveDayCell.swift; sourceTree = "<group>"; };
		FAC54BFB1FB23A1A0083D53F /* TaskItemValidateActiveCell.swift */ = {isa = PBXFileReference; fileEncoding = 4; lastKnownFileType = sourcecode.swift; path = TaskItemValidateActiveCell.swift; sourceTree = "<group>"; };
		FAC803EC1FCD1C6F00FD0C82 /* FinalProject_Start_WithTests.entitlements */ = {isa = PBXFileReference; lastKnownFileType = text.plist.entitlements; path = FinalProject_Start_WithTests.entitlements; sourceTree = "<group>"; };
		FAC803F31FCD211800FD0C82 /* CloudRepository.swift */ = {isa = PBXFileReference; fileEncoding = 4; lastKnownFileType = sourcecode.swift; path = CloudRepository.swift; sourceTree = "<group>"; };
		FAC803F51FCD278200FD0C82 /* DataLayer.swift */ = {isa = PBXFileReference; fileEncoding = 4; lastKnownFileType = sourcecode.swift; path = DataLayer.swift; sourceTree = "<group>"; };
		FAF15B921FBBDA8D002577E6 /* AwardLaurel.xib */ = {isa = PBXFileReference; fileEncoding = 4; lastKnownFileType = file.xib; path = AwardLaurel.xib; sourceTree = "<group>"; };
		FAF15B941FBBF21A002577E6 /* AwardLaurel.swift */ = {isa = PBXFileReference; fileEncoding = 4; lastKnownFileType = sourcecode.swift; path = AwardLaurel.swift; sourceTree = "<group>"; };
		FAF58A771FD757AE00729CD0 /* DBSeedViewController.swift */ = {isa = PBXFileReference; fileEncoding = 4; lastKnownFileType = sourcecode.swift; path = DBSeedViewController.swift; sourceTree = "<group>"; };
		FAF58A791FD7586600729CD0 /* Repository.swift */ = {isa = PBXFileReference; fileEncoding = 4; lastKnownFileType = sourcecode.swift; path = Repository.swift; sourceTree = "<group>"; };
		FAF58A7B1FD75BFD00729CD0 /* Constants.swift */ = {isa = PBXFileReference; fileEncoding = 4; lastKnownFileType = sourcecode.swift; path = Constants.swift; sourceTree = "<group>"; };
/* End PBXFileReference section */

/* Begin PBXFrameworksBuildPhase section */
		FA0C2A0F1F81A9C700875225 /* Frameworks */ = {
			isa = PBXFrameworksBuildPhase;
			buildActionMask = 2147483647;
			files = (
				FA8D4B001FE20FB50002107A /* CloudKit.framework in Frameworks */,
			);
			runOnlyForDeploymentPostprocessing = 0;
		};
		FA0C2A251F81A9C700875225 /* Frameworks */ = {
			isa = PBXFrameworksBuildPhase;
			buildActionMask = 2147483647;
			files = (
			);
			runOnlyForDeploymentPostprocessing = 0;
		};
/* End PBXFrameworksBuildPhase section */

/* Begin PBXGroup section */
		FA0C2A091F81A9C700875225 = {
			isa = PBXGroup;
			children = (
				FA0C2A141F81A9C700875225 /* FinalProject_Start_WithTests */,
				FA0C2A2B1F81A9C700875225 /* FinalProject_Start_WithTestsTests */,
				FA0C2A131F81A9C700875225 /* Products */,
				FAC803ED1FCD1C7000FD0C82 /* Frameworks */,
			);
			sourceTree = "<group>";
		};
		FA0C2A131F81A9C700875225 /* Products */ = {
			isa = PBXGroup;
			children = (
				FA0C2A121F81A9C700875225 /* FinalProject_Start_WithTests.app */,
				FA0C2A281F81A9C700875225 /* FinalProject_Start_WithTestsTests.xctest */,
			);
			name = Products;
			sourceTree = "<group>";
		};
		FA0C2A141F81A9C700875225 /* FinalProject_Start_WithTests */ = {
			isa = PBXGroup;
			children = (
				FA6A90AF1FE06E0D00CE786C /* Connectivity */,
				FAC803F01FCD200800FD0C82 /* DataAccess */,
				FAC803EC1FCD1C6F00FD0C82 /* FinalProject_Start_WithTests.entitlements */,
				FAA7C3961F832CC900D7AC4A /* Utilities.swift */,
				FAA609321F89656000F29B39 /* Controls */,
				FA0C2A381F81AAF400875225 /* Controllers */,
				FA0C2A371F81AAED00875225 /* Models */,
				FA0C2A151F81A9C700875225 /* AppDelegate.swift */,
				FA0C2A1B1F81A9C700875225 /* Main.storyboard */,
				FA0C2A1E1F81A9C700875225 /* Assets.xcassets */,
				FA0C2A201F81A9C700875225 /* LaunchScreen.storyboard */,
				FA0C2A231F81A9C700875225 /* Info.plist */,
				FA99CD771FCFAC9800207ECE /* CollectionViewHeader.swift */,
				FA564F021FDC6C8A00FD2E9D /* NSUserDefaultsManager.swift */,
				FA564F041FDC954F00FD2E9D /* iCloudManager.swift */,
			);
			path = FinalProject_Start_WithTests;
			sourceTree = "<group>";
		};
		FA0C2A2B1F81A9C700875225 /* FinalProject_Start_WithTestsTests */ = {
			isa = PBXGroup;
			children = (
				FA0C2A2C1F81A9C700875225 /* FinalProject_Start_WithTestsTests.swift */,
				FA0C2A2E1F81A9C700875225 /* Info.plist */,
			);
			path = FinalProject_Start_WithTestsTests;
			sourceTree = "<group>";
		};
		FA0C2A371F81AAED00875225 /* Models */ = {
			isa = PBXGroup;
			children = (
				FA0C2A3F1F81AB3B00875225 /* Assignment.swift */,
				FA0C2A401F81AB3B00875225 /* PracticeUnit.swift */,
				FA0C2A411F81AB3B00875225 /* Task.swift */,
				FA0C2A421F81AB3B00875225 /* Student.swift */,
				FA0C2A431F81AB3B00875225 /* AppModel.swift */,
				FA0C2A4B1F81AE3B00875225 /* Teacher.swift */,
				FA0C2A4D1F81AE8200875225 /* Person.swift */,
				FAA7C3941F832BC300D7AC4A /* TaskItem.swift */,
				FA13BA681F887E980098BFE2 /* Awards.swift */,
				FAA609451F8AA29200F29B39 /* Settings.swift */,
			);
			name = Models;
			sourceTree = "<group>";
		};
		FA0C2A381F81AAF400875225 /* Controllers */ = {
			isa = PBXGroup;
			children = (
				FA460B8A1FB25D7F00448D65 /* SegmentedViewController.swift */,
				FA0C2A3B1F81AB1800875225 /* AwardsViewController.swift */,
				FA0C2A511F81B27800875225 /* StudentListViewController.swift */,
				FA0C2A531F81B29500875225 /* AssignmentListViewController.swift */,
				FAA609391F897C5900F29B39 /* NavigationController.swift */,
				FAA6093D1F89B6C300F29B39 /* PracticeDaysViewController.swift */,
				FAA609411F89C14200F29B39 /* TasksViewController.swift */,
				FAA609431F8A9C6B00F29B39 /* SetingsViewController.swift */,
				FAB542E91FAE16910016290C /* TaskViewValidateController.swift */,
				FAF58A771FD757AE00729CD0 /* DBSeedViewController.swift */,
			);
			name = Controllers;
			sourceTree = "<group>";
		};
		FA4808791F92E1790042A823 /* TableCells */ = {
			isa = PBXGroup;
			children = (
				FA5948601FB0E353002F5A32 /* Student */,
				FA59485F1FB0E340002F5A32 /* Assignment */,
				FA59485E1FB0E32D002F5A32 /* Day */,
				FA59485D1FB0E318002F5A32 /* TaskValidate */,
				FA59485C1FB0E2E2002F5A32 /* TaskByDay */,
				FA2690361F91382400B3B048 /* TaskHeaderViewCell.swift */,
			);
			name = TableCells;
			sourceTree = "<group>";
		};
		FA59485C1FB0E2E2002F5A32 /* TaskByDay */ = {
			isa = PBXGroup;
			children = (
				FA2690381F913C6400B3B048 /* TaskItemViewDayCell.swift */,
				FAC54BF91FB22B690083D53F /* TaskItemActiveDayCell.swift */,
			);
			name = TaskByDay;
			sourceTree = "<group>";
		};
		FA59485D1FB0E318002F5A32 /* TaskValidate */ = {
			isa = PBXGroup;
			children = (
				FA458B4A1FAFE62900B939AD /* TaskItemViewValidateCell.swift */,
				FAC54BFB1FB23A1A0083D53F /* TaskItemValidateActiveCell.swift */,
			);
			name = TaskValidate;
			sourceTree = "<group>";
		};
		FA59485E1FB0E32D002F5A32 /* Day */ = {
			isa = PBXGroup;
			children = (
				FAA6093F1F89B8F900F29B39 /* DaysViewCell.swift */,
			);
			name = Day;
			sourceTree = "<group>";
		};
		FA59485F1FB0E340002F5A32 /* Assignment */ = {
			isa = PBXGroup;
			children = (
				FA8516851FA6BF06001FAD44 /* AssignmentViewCellCurrent.swift */,
				FAC388671FA2C4EF0087CA87 /* AssignmentViewCell.swift */,
			);
			name = Assignment;
			sourceTree = "<group>";
		};
		FA5948601FB0E353002F5A32 /* Student */ = {
			isa = PBXGroup;
			children = (
				FAA609351F896C2F00F29B39 /* StudentViewCell.swift */,
			);
			name = Student;
			sourceTree = "<group>";
		};
		FA6A90AF1FE06E0D00CE786C /* Connectivity */ = {
			isa = PBXGroup;
			children = (
				FA6A90AD1FE06A4D00CE786C /* Reachability.swift */,
				FA6A90B01FE06E3800CE786C /* InetConnectionManager.swift */,
			);
			name = Connectivity;
			sourceTree = "<group>";
		};
		FAA609321F89656000F29B39 /* Controls */ = {
			isa = PBXGroup;
			children = (
				FAF15B911FBBDA50002577E6 /* Award */,
				FAA70EE61FAEA376007110B5 /* TableFooters */,
				FAA70EE51FAEA358007110B5 /* TableHeaders */,
				FA4808791F92E1790042A823 /* TableCells */,
			);
			name = Controls;
			sourceTree = "<group>";
		};
		FAA70EE51FAEA358007110B5 /* TableHeaders */ = {
			isa = PBXGroup;
			children = (
				FAB542DF1FAD30590016290C /* TasksTableHeader.swift */,
				FAB542E31FAD36970016290C /* TasksTableHeader.xib */,
			);
			name = TableHeaders;
			sourceTree = "<group>";
		};
		FAA70EE61FAEA376007110B5 /* TableFooters */ = {
			isa = PBXGroup;
			children = (
				FAB542E51FAD4B990016290C /* TasksTableFooter.swift */,
				FAB542E71FAD4BA60016290C /* TasksTableFooter.xib */,
				FAA70EE71FAEA4BF007110B5 /* TasksValidateTableFooter.swift */,
				FAA70EE91FAEA4D3007110B5 /* TasksValidateTableFooter.xib */,
				FAA70EEB1FAEAB50007110B5 /* TasksValidateDTableFooter.xib */,
				FAA70EED1FAEAB69007110B5 /* TasksValidateDTableFooter.swift */,
			);
			name = TableFooters;
			sourceTree = "<group>";
		};
		FAC803ED1FCD1C7000FD0C82 /* Frameworks */ = {
			isa = PBXGroup;
			children = (
				FA8D4AFF1FE20FB50002107A /* CloudKit.framework */,
			);
			name = Frameworks;
			sourceTree = "<group>";
		};
		FAC803F01FCD200800FD0C82 /* DataAccess */ = {
			isa = PBXGroup;
			children = (
				FAA609371F896E3F00F29B39 /* Factory.swift */,
				FAC803F31FCD211800FD0C82 /* CloudRepository.swift */,
				FAC803F51FCD278200FD0C82 /* DataLayer.swift */,
				FA21AF371FD5C9670065E5B3 /* DataBase.swift */,
				FAF58A791FD7586600729CD0 /* Repository.swift */,
				FAF58A7B1FD75BFD00729CD0 /* Constants.swift */,
			);
			name = DataAccess;
			sourceTree = "<group>";
		};
		FAF15B911FBBDA50002577E6 /* Award */ = {
			isa = PBXGroup;
			children = (
				FAF15B921FBBDA8D002577E6 /* AwardLaurel.xib */,
				FAF15B941FBBF21A002577E6 /* AwardLaurel.swift */,
				FA63342E1FC4F06C008E74F1 /* OverallProgress.xib */,
				FA6334321FC4F381008E74F1 /* OverallProgress.swift */,
				FA6334341FC4F68B008E74F1 /* AwardsComposite.xib */,
				FA6334361FC4F6C7008E74F1 /* AwardsComposite.swift */,
				FA99CD6D1FCF7DD300207ECE /* Medals.xib */,
				FA99CD6F1FCF82E700207ECE /* Medals.swift */,
				FA99CD711FCF840900207ECE /* MedalCollectionViewCell.swift */,
				FA99CD731FCF9F7700207ECE /* MedalsViewController.swift */,
				FA99CD751FCFA06400207ECE /* MedalsViewCell.swift */,
				FAA222D61FD0BD99009138CA /* MedalsNavigationController.swift */,
			);
			name = Award;
			sourceTree = "<group>";
		};
/* End PBXGroup section */

/* Begin PBXNativeTarget section */
		FA0C2A111F81A9C700875225 /* FinalProject_Start_WithTests */ = {
			isa = PBXNativeTarget;
			buildConfigurationList = FA0C2A311F81A9C700875225 /* Build configuration list for PBXNativeTarget "FinalProject_Start_WithTests" */;
			buildPhases = (
				FA0C2A0E1F81A9C700875225 /* Sources */,
				FA0C2A0F1F81A9C700875225 /* Frameworks */,
				FA0C2A101F81A9C700875225 /* Resources */,
			);
			buildRules = (
			);
			dependencies = (
			);
			name = FinalProject_Start_WithTests;
			productName = FinalProject_Start_WithTests;
			productReference = FA0C2A121F81A9C700875225 /* FinalProject_Start_WithTests.app */;
			productType = "com.apple.product-type.application";
		};
		FA0C2A271F81A9C700875225 /* FinalProject_Start_WithTestsTests */ = {
			isa = PBXNativeTarget;
			buildConfigurationList = FA0C2A341F81A9C700875225 /* Build configuration list for PBXNativeTarget "FinalProject_Start_WithTestsTests" */;
			buildPhases = (
				FA0C2A241F81A9C700875225 /* Sources */,
				FA0C2A251F81A9C700875225 /* Frameworks */,
				FA0C2A261F81A9C700875225 /* Resources */,
			);
			buildRules = (
			);
			dependencies = (
				FA0C2A2A1F81A9C700875225 /* PBXTargetDependency */,
			);
			name = FinalProject_Start_WithTestsTests;
			productName = FinalProject_Start_WithTestsTests;
			productReference = FA0C2A281F81A9C700875225 /* FinalProject_Start_WithTestsTests.xctest */;
			productType = "com.apple.product-type.bundle.unit-test";
		};
/* End PBXNativeTarget section */

/* Begin PBXProject section */
		FA0C2A0A1F81A9C700875225 /* Project object */ = {
			isa = PBXProject;
			attributes = {
				LastSwiftUpdateCheck = 0830;
				LastUpgradeCheck = 0830;
				ORGANIZATIONNAME = "A290/A590 Fall 2017 - ikalenny";
				TargetAttributes = {
					FA0C2A111F81A9C700875225 = {
						CreatedOnToolsVersion = 8.3.3;
						DevelopmentTeam = YR9348E2QP;
						ProvisioningStyle = Automatic;
						SystemCapabilities = {
							com.apple.Push = {
								enabled = 1;
							};
							com.apple.iCloud = {
								enabled = 1;
							};
						};
					};
					FA0C2A271F81A9C700875225 = {
						CreatedOnToolsVersion = 8.3.3;
						DevelopmentTeam = YR9348E2QP;
						ProvisioningStyle = Automatic;
						TestTargetID = FA0C2A111F81A9C700875225;
					};
				};
			};
			buildConfigurationList = FA0C2A0D1F81A9C700875225 /* Build configuration list for PBXProject "FinalProject_Start_WithTests" */;
			compatibilityVersion = "Xcode 3.2";
			developmentRegion = English;
			hasScannedForEncodings = 0;
			knownRegions = (
				en,
				Base,
			);
			mainGroup = FA0C2A091F81A9C700875225;
			productRefGroup = FA0C2A131F81A9C700875225 /* Products */;
			projectDirPath = "";
			projectRoot = "";
			targets = (
				FA0C2A111F81A9C700875225 /* FinalProject_Start_WithTests */,
				FA0C2A271F81A9C700875225 /* FinalProject_Start_WithTestsTests */,
			);
		};
/* End PBXProject section */

/* Begin PBXResourcesBuildPhase section */
		FA0C2A101F81A9C700875225 /* Resources */ = {
			isa = PBXResourcesBuildPhase;
			buildActionMask = 2147483647;
			files = (
				FAA70EEC1FAEAB50007110B5 /* TasksValidateDTableFooter.xib in Resources */,
				FAB542E41FAD36970016290C /* TasksTableHeader.xib in Resources */,
				FAB542E81FAD4BA60016290C /* TasksTableFooter.xib in Resources */,
				FA63342F1FC4F06C008E74F1 /* OverallProgress.xib in Resources */,
				FAA70EEA1FAEA4D3007110B5 /* TasksValidateTableFooter.xib in Resources */,
				FA6334351FC4F68B008E74F1 /* AwardsComposite.xib in Resources */,
				FAF15B931FBBDA8D002577E6 /* AwardLaurel.xib in Resources */,
				FA0C2A221F81A9C700875225 /* LaunchScreen.storyboard in Resources */,
				FA0C2A1F1F81A9C700875225 /* Assets.xcassets in Resources */,
				FA99CD6E1FCF7DD300207ECE /* Medals.xib in Resources */,
				FA0C2A1D1F81A9C700875225 /* Main.storyboard in Resources */,
			);
			runOnlyForDeploymentPostprocessing = 0;
		};
		FA0C2A261F81A9C700875225 /* Resources */ = {
			isa = PBXResourcesBuildPhase;
			buildActionMask = 2147483647;
			files = (
			);
			runOnlyForDeploymentPostprocessing = 0;
		};
/* End PBXResourcesBuildPhase section */

/* Begin PBXSourcesBuildPhase section */
		FA0C2A0E1F81A9C700875225 /* Sources */ = {
			isa = PBXSourcesBuildPhase;
			buildActionMask = 2147483647;
			files = (
				FA458B4B1FAFE62900B939AD /* TaskItemViewValidateCell.swift in Sources */,
				FA99CD781FCFAC9800207ECE /* CollectionViewHeader.swift in Sources */,
				FAC803F61FCD278200FD0C82 /* DataLayer.swift in Sources */,
				FAA70EE81FAEA4BF007110B5 /* TasksValidateTableFooter.swift in Sources */,
				FA2690391F913C6400B3B048 /* TaskItemViewDayCell.swift in Sources */,
				FA6A90AE1FE06A4D00CE786C /* Reachability.swift in Sources */,
				FA564F051FDC954F00FD2E9D /* iCloudManager.swift in Sources */,
				FA460B8B1FB25D7F00448D65 /* SegmentedViewController.swift in Sources */,
				FA0C2A451F81AB3B00875225 /* PracticeUnit.swift in Sources */,
				FA8516861FA6BF06001FAD44 /* AssignmentViewCellCurrent.swift in Sources */,
				FAA6093E1F89B6C300F29B39 /* PracticeDaysViewController.swift in Sources */,
				FA6334371FC4F6C7008E74F1 /* AwardsComposite.swift in Sources */,
				FAC388681FA2C4EF0087CA87 /* AssignmentViewCell.swift in Sources */,
				FAB542E61FAD4B990016290C /* TasksTableFooter.swift in Sources */,
				FAA609441F8A9C6B00F29B39 /* SetingsViewController.swift in Sources */,
				FAA609361F896C2F00F29B39 /* StudentViewCell.swift in Sources */,
				FAF58A7A1FD7586600729CD0 /* Repository.swift in Sources */,
				FA0C2A441F81AB3B00875225 /* Assignment.swift in Sources */,
				FA0C2A541F81B29500875225 /* AssignmentListViewController.swift in Sources */,
				FA2690371F91382400B3B048 /* TaskHeaderViewCell.swift in Sources */,
				FA0C2A471F81AB3B00875225 /* Student.swift in Sources */,
				FAA6093A1F897C5900F29B39 /* NavigationController.swift in Sources */,
				FAC54BFA1FB22B690083D53F /* TaskItemActiveDayCell.swift in Sources */,
				FAB542EA1FAE16910016290C /* TaskViewValidateController.swift in Sources */,
				FAA609461F8AA29200F29B39 /* Settings.swift in Sources */,
				FAA7C3971F832CC900D7AC4A /* Utilities.swift in Sources */,
				FA6334331FC4F381008E74F1 /* OverallProgress.swift in Sources */,
				FAF58A7C1FD75BFD00729CD0 /* Constants.swift in Sources */,
				FA21AF381FD5C9670065E5B3 /* DataBase.swift in Sources */,
				FA0C2A3E1F81AB1800875225 /* AwardsViewController.swift in Sources */,
				FA99CD701FCF82E700207ECE /* Medals.swift in Sources */,
				FAF58A781FD757AE00729CD0 /* DBSeedViewController.swift in Sources */,
				FA0C2A161F81A9C700875225 /* AppDelegate.swift in Sources */,
				FA0C2A521F81B27800875225 /* StudentListViewController.swift in Sources */,
				FA564F031FDC6C8A00FD2E9D /* NSUserDefaultsManager.swift in Sources */,
				FAA7C3951F832BC300D7AC4A /* TaskItem.swift in Sources */,
				FAF15B951FBBF21A002577E6 /* AwardLaurel.swift in Sources */,
				FAA609401F89B8F900F29B39 /* DaysViewCell.swift in Sources */,
				FA99CD721FCF840900207ECE /* MedalCollectionViewCell.swift in Sources */,
				FA0C2A4E1F81AE8200875225 /* Person.swift in Sources */,
				FAA70EEE1FAEAB69007110B5 /* TasksValidateDTableFooter.swift in Sources */,
				FA0C2A481F81AB3B00875225 /* AppModel.swift in Sources */,
				FA13BA691F887E980098BFE2 /* Awards.swift in Sources */,
				FAA222D71FD0BD99009138CA /* MedalsNavigationController.swift in Sources */,
				FA99CD741FCF9F7700207ECE /* MedalsViewController.swift in Sources */,
				FA99CD761FCFA06400207ECE /* MedalsViewCell.swift in Sources */,
				FAA609421F89C14200F29B39 /* TasksViewController.swift in Sources */,
				FA0C2A461F81AB3B00875225 /* Task.swift in Sources */,
				FAC54BFC1FB23A1A0083D53F /* TaskItemValidateActiveCell.swift in Sources */,
				FA6A90B11FE06E3800CE786C /* InetConnectionManager.swift in Sources */,
				FAA609381F896E3F00F29B39 /* Factory.swift in Sources */,
				FAB542E01FAD30590016290C /* TasksTableHeader.swift in Sources */,
				FAC803F41FCD211800FD0C82 /* CloudRepository.swift in Sources */,
				FA0C2A4C1F81AE3B00875225 /* Teacher.swift in Sources */,
			);
			runOnlyForDeploymentPostprocessing = 0;
		};
		FA0C2A241F81A9C700875225 /* Sources */ = {
			isa = PBXSourcesBuildPhase;
			buildActionMask = 2147483647;
			files = (
				FA0C2A2D1F81A9C700875225 /* FinalProject_Start_WithTestsTests.swift in Sources */,
			);
			runOnlyForDeploymentPostprocessing = 0;
		};
/* End PBXSourcesBuildPhase section */

/* Begin PBXTargetDependency section */
		FA0C2A2A1F81A9C700875225 /* PBXTargetDependency */ = {
			isa = PBXTargetDependency;
			target = FA0C2A111F81A9C700875225 /* FinalProject_Start_WithTests */;
			targetProxy = FA0C2A291F81A9C700875225 /* PBXContainerItemProxy */;
		};
/* End PBXTargetDependency section */

/* Begin PBXVariantGroup section */
		FA0C2A1B1F81A9C700875225 /* Main.storyboard */ = {
			isa = PBXVariantGroup;
			children = (
				FA0C2A1C1F81A9C700875225 /* Base */,
			);
			name = Main.storyboard;
			sourceTree = "<group>";
		};
		FA0C2A201F81A9C700875225 /* LaunchScreen.storyboard */ = {
			isa = PBXVariantGroup;
			children = (
				FA0C2A211F81A9C700875225 /* Base */,
			);
			name = LaunchScreen.storyboard;
			sourceTree = "<group>";
		};
/* End PBXVariantGroup section */

/* Begin XCBuildConfiguration section */
		FA0C2A2F1F81A9C700875225 /* Debug */ = {
			isa = XCBuildConfiguration;
			buildSettings = {
				ALWAYS_SEARCH_USER_PATHS = NO;
				CLANG_ANALYZER_NONNULL = YES;
				CLANG_ANALYZER_NUMBER_OBJECT_CONVERSION = YES_AGGRESSIVE;
				CLANG_CXX_LANGUAGE_STANDARD = "gnu++0x";
				CLANG_CXX_LIBRARY = "libc++";
				CLANG_ENABLE_MODULES = YES;
				CLANG_ENABLE_OBJC_ARC = YES;
				CLANG_WARN_BOOL_CONVERSION = YES;
				CLANG_WARN_CONSTANT_CONVERSION = YES;
				CLANG_WARN_DIRECT_OBJC_ISA_USAGE = YES_ERROR;
				CLANG_WARN_DOCUMENTATION_COMMENTS = YES;
				CLANG_WARN_EMPTY_BODY = YES;
				CLANG_WARN_ENUM_CONVERSION = YES;
				CLANG_WARN_INFINITE_RECURSION = YES;
				CLANG_WARN_INT_CONVERSION = YES;
				CLANG_WARN_OBJC_ROOT_CLASS = YES_ERROR;
				CLANG_WARN_SUSPICIOUS_MOVE = YES;
				CLANG_WARN_UNREACHABLE_CODE = YES;
				CLANG_WARN__DUPLICATE_METHOD_MATCH = YES;
				"CODE_SIGN_IDENTITY[sdk=iphoneos*]" = "iPhone Developer";
				COPY_PHASE_STRIP = NO;
				DEBUG_INFORMATION_FORMAT = dwarf;
				ENABLE_STRICT_OBJC_MSGSEND = YES;
				ENABLE_TESTABILITY = YES;
				GCC_C_LANGUAGE_STANDARD = gnu99;
				GCC_DYNAMIC_NO_PIC = NO;
				GCC_NO_COMMON_BLOCKS = YES;
				GCC_OPTIMIZATION_LEVEL = 0;
				GCC_PREPROCESSOR_DEFINITIONS = (
					"DEBUG=1",
					"$(inherited)",
				);
				GCC_WARN_64_TO_32_BIT_CONVERSION = YES;
				GCC_WARN_ABOUT_RETURN_TYPE = YES_ERROR;
				GCC_WARN_UNDECLARED_SELECTOR = YES;
				GCC_WARN_UNINITIALIZED_AUTOS = YES_AGGRESSIVE;
				GCC_WARN_UNUSED_FUNCTION = YES;
				GCC_WARN_UNUSED_VARIABLE = YES;
				IPHONEOS_DEPLOYMENT_TARGET = 10.3;
				MTL_ENABLE_DEBUG_INFO = YES;
				ONLY_ACTIVE_ARCH = YES;
				SDKROOT = iphoneos;
				SWIFT_ACTIVE_COMPILATION_CONDITIONS = DEBUG;
				SWIFT_OPTIMIZATION_LEVEL = "-Onone";
				TARGETED_DEVICE_FAMILY = "1,2";
			};
			name = Debug;
		};
		FA0C2A301F81A9C700875225 /* Release */ = {
			isa = XCBuildConfiguration;
			buildSettings = {
				ALWAYS_SEARCH_USER_PATHS = NO;
				CLANG_ANALYZER_NONNULL = YES;
				CLANG_ANALYZER_NUMBER_OBJECT_CONVERSION = YES_AGGRESSIVE;
				CLANG_CXX_LANGUAGE_STANDARD = "gnu++0x";
				CLANG_CXX_LIBRARY = "libc++";
				CLANG_ENABLE_MODULES = YES;
				CLANG_ENABLE_OBJC_ARC = YES;
				CLANG_WARN_BOOL_CONVERSION = YES;
				CLANG_WARN_CONSTANT_CONVERSION = YES;
				CLANG_WARN_DIRECT_OBJC_ISA_USAGE = YES_ERROR;
				CLANG_WARN_DOCUMENTATION_COMMENTS = YES;
				CLANG_WARN_EMPTY_BODY = YES;
				CLANG_WARN_ENUM_CONVERSION = YES;
				CLANG_WARN_INFINITE_RECURSION = YES;
				CLANG_WARN_INT_CONVERSION = YES;
				CLANG_WARN_OBJC_ROOT_CLASS = YES_ERROR;
				CLANG_WARN_SUSPICIOUS_MOVE = YES;
				CLANG_WARN_UNREACHABLE_CODE = YES;
				CLANG_WARN__DUPLICATE_METHOD_MATCH = YES;
				"CODE_SIGN_IDENTITY[sdk=iphoneos*]" = "iPhone Developer";
				COPY_PHASE_STRIP = NO;
				DEBUG_INFORMATION_FORMAT = "dwarf-with-dsym";
				ENABLE_NS_ASSERTIONS = NO;
				ENABLE_STRICT_OBJC_MSGSEND = YES;
				GCC_C_LANGUAGE_STANDARD = gnu99;
				GCC_NO_COMMON_BLOCKS = YES;
				GCC_WARN_64_TO_32_BIT_CONVERSION = YES;
				GCC_WARN_ABOUT_RETURN_TYPE = YES_ERROR;
				GCC_WARN_UNDECLARED_SELECTOR = YES;
				GCC_WARN_UNINITIALIZED_AUTOS = YES_AGGRESSIVE;
				GCC_WARN_UNUSED_FUNCTION = YES;
				GCC_WARN_UNUSED_VARIABLE = YES;
				IPHONEOS_DEPLOYMENT_TARGET = 10.3;
				MTL_ENABLE_DEBUG_INFO = NO;
				SDKROOT = iphoneos;
				SWIFT_OPTIMIZATION_LEVEL = "-Owholemodule";
				TARGETED_DEVICE_FAMILY = "1,2";
				VALIDATE_PRODUCT = YES;
			};
			name = Release;
		};
		FA0C2A321F81A9C700875225 /* Debug */ = {
			isa = XCBuildConfiguration;
			buildSettings = {
				ASSETCATALOG_COMPILER_APPICON_NAME = AppIcon;
				CODE_SIGN_ENTITLEMENTS = FinalProject_Start_WithTests/FinalProject_Start_WithTests.entitlements;
				CODE_SIGN_IDENTITY = "iPhone Developer";
				"CODE_SIGN_IDENTITY[sdk=iphoneos*]" = "iPhone Developer";
				DEVELOPMENT_TEAM = YR9348E2QP;
				INFOPLIST_FILE = FinalProject_Start_WithTests/Info.plist;
				LD_RUNPATH_SEARCH_PATHS = "$(inherited) @executable_path/Frameworks";
				PRODUCT_BUNDLE_IDENTIFIER = com.igorkalennyy.PracticeStarCloud;
				PRODUCT_NAME = "$(TARGET_NAME)";
				PROVISIONING_PROFILE_SPECIFIER = "";
				SWIFT_VERSION = 3.0;
			};
			name = Debug;
		};
		FA0C2A331F81A9C700875225 /* Release */ = {
			isa = XCBuildConfiguration;
			buildSettings = {
				ASSETCATALOG_COMPILER_APPICON_NAME = AppIcon;
				CODE_SIGN_ENTITLEMENTS = FinalProject_Start_WithTests/FinalProject_Start_WithTests.entitlements;
				CODE_SIGN_IDENTITY = "iPhone Developer";
				"CODE_SIGN_IDENTITY[sdk=iphoneos*]" = "iPhone Developer";
				DEVELOPMENT_TEAM = YR9348E2QP;
				INFOPLIST_FILE = FinalProject_Start_WithTests/Info.plist;
				LD_RUNPATH_SEARCH_PATHS = "$(inherited) @executable_path/Frameworks";
				PRODUCT_BUNDLE_IDENTIFIER = com.igorkalennyy.PracticeStarCloud;
				PRODUCT_NAME = "$(TARGET_NAME)";
				PROVISIONING_PROFILE_SPECIFIER = "";
				SWIFT_VERSION = 3.0;
			};
			name = Release;
		};
		FA0C2A351F81A9C700875225 /* Debug */ = {
			isa = XCBuildConfiguration;
			buildSettings = {
				ALWAYS_EMBED_SWIFT_STANDARD_LIBRARIES = YES;
				BUNDLE_LOADER = "$(TEST_HOST)";
				DEVELOPMENT_TEAM = YR9348E2QP;
				INFOPLIST_FILE = FinalProject_Start_WithTestsTests/Info.plist;
				LD_RUNPATH_SEARCH_PATHS = "$(inherited) @executable_path/Frameworks @loader_path/Frameworks";
				PRODUCT_BUNDLE_IDENTIFIER = "edu.indiana.cs.a290ikalenny.FinalProject-Start-WithTestsTests";
				PRODUCT_NAME = "$(TARGET_NAME)";
				SWIFT_VERSION = 3.0;
				TEST_HOST = "$(BUILT_PRODUCTS_DIR)/FinalProject_Start_WithTests.app/FinalProject_Start_WithTests";
			};
			name = Debug;
		};
		FA0C2A361F81A9C700875225 /* Release */ = {
			isa = XCBuildConfiguration;
			buildSettings = {
				ALWAYS_EMBED_SWIFT_STANDARD_LIBRARIES = YES;
				BUNDLE_LOADER = "$(TEST_HOST)";
				DEVELOPMENT_TEAM = YR9348E2QP;
				INFOPLIST_FILE = FinalProject_Start_WithTestsTests/Info.plist;
				LD_RUNPATH_SEARCH_PATHS = "$(inherited) @executable_path/Frameworks @loader_path/Frameworks";
				PRODUCT_BUNDLE_IDENTIFIER = "edu.indiana.cs.a290ikalenny.FinalProject-Start-WithTestsTests";
				PRODUCT_NAME = "$(TARGET_NAME)";
				SWIFT_VERSION = 3.0;
				TEST_HOST = "$(BUILT_PRODUCTS_DIR)/FinalProject_Start_WithTests.app/FinalProject_Start_WithTests";
			};
			name = Release;
		};
/* End XCBuildConfiguration section */

/* Begin XCConfigurationList section */
		FA0C2A0D1F81A9C700875225 /* Build configuration list for PBXProject "FinalProject_Start_WithTests" */ = {
			isa = XCConfigurationList;
			buildConfigurations = (
				FA0C2A2F1F81A9C700875225 /* Debug */,
				FA0C2A301F81A9C700875225 /* Release */,
			);
			defaultConfigurationIsVisible = 0;
			defaultConfigurationName = Release;
		};
		FA0C2A311F81A9C700875225 /* Build configuration list for PBXNativeTarget "FinalProject_Start_WithTests" */ = {
			isa = XCConfigurationList;
			buildConfigurations = (
				FA0C2A321F81A9C700875225 /* Debug */,
				FA0C2A331F81A9C700875225 /* Release */,
			);
			defaultConfigurationIsVisible = 0;
			defaultConfigurationName = Release;
		};
		FA0C2A341F81A9C700875225 /* Build configuration list for PBXNativeTarget "FinalProject_Start_WithTestsTests" */ = {
			isa = XCConfigurationList;
			buildConfigurations = (
				FA0C2A351F81A9C700875225 /* Debug */,
				FA0C2A361F81A9C700875225 /* Release */,
			);
			defaultConfigurationIsVisible = 0;
			defaultConfigurationName = Release;
		};
/* End XCConfigurationList section */
	};
	rootObject = FA0C2A0A1F81A9C700875225 /* Project object */;
}
