// !$*UTF8*$!
{
	archiveVersion = 1;
	classes = {
	};
	objectVersion = 46;
	objects = {

/* Begin PBXBuildFile section */
		FAD8BBA11FE34877006410F7 /* CloudKit.framework in Frameworks */ = {isa = PBXBuildFile; fileRef = FAD8BBA01FE34877006410F7 /* CloudKit.framework */; };
		FAD8BBAD1FE34CA2006410F7 /* Reachability.swift in Sources */ = {isa = PBXBuildFile; fileRef = FAD8BBAB1FE34CA2006410F7 /* Reachability.swift */; };
		FAD8BBAE1FE34CA2006410F7 /* InetConnectionManager.swift in Sources */ = {isa = PBXBuildFile; fileRef = FAD8BBAC1FE34CA2006410F7 /* InetConnectionManager.swift */; };
		FAD8BBB51FE34CCD006410F7 /* Factory.swift in Sources */ = {isa = PBXBuildFile; fileRef = FAD8BBAF1FE34CCD006410F7 /* Factory.swift */; };
		FAD8BBB61FE34CCD006410F7 /* CloudRepository.swift in Sources */ = {isa = PBXBuildFile; fileRef = FAD8BBB01FE34CCD006410F7 /* CloudRepository.swift */; };
		FAD8BBB71FE34CCD006410F7 /* DataLayer.swift in Sources */ = {isa = PBXBuildFile; fileRef = FAD8BBB11FE34CCD006410F7 /* DataLayer.swift */; };
		FAD8BBB81FE34CCD006410F7 /* DataBase.swift in Sources */ = {isa = PBXBuildFile; fileRef = FAD8BBB21FE34CCD006410F7 /* DataBase.swift */; };
		FAD8BBB91FE34CCD006410F7 /* Repository.swift in Sources */ = {isa = PBXBuildFile; fileRef = FAD8BBB31FE34CCD006410F7 /* Repository.swift */; };
		FAD8BBBA1FE34CCD006410F7 /* Constants.swift in Sources */ = {isa = PBXBuildFile; fileRef = FAD8BBB41FE34CCD006410F7 /* Constants.swift */; };
		FAD8BBBC1FE34CF4006410F7 /* Utilities.swift in Sources */ = {isa = PBXBuildFile; fileRef = FAD8BBBB1FE34CF4006410F7 /* Utilities.swift */; };
		FAD8BBCC1FE34D36006410F7 /* AwardLaurel.xib in Resources */ = {isa = PBXBuildFile; fileRef = FAD8BBC01FE34D36006410F7 /* AwardLaurel.xib */; };
		FAD8BBCD1FE34D36006410F7 /* AwardLaurel.swift in Sources */ = {isa = PBXBuildFile; fileRef = FAD8BBC11FE34D36006410F7 /* AwardLaurel.swift */; };
		FAD8BBCE1FE34D36006410F7 /* OverallProgress.xib in Resources */ = {isa = PBXBuildFile; fileRef = FAD8BBC21FE34D36006410F7 /* OverallProgress.xib */; };
		FAD8BBCF1FE34D36006410F7 /* OverallProgress.swift in Sources */ = {isa = PBXBuildFile; fileRef = FAD8BBC31FE34D36006410F7 /* OverallProgress.swift */; };
		FAD8BBD01FE34D36006410F7 /* AwardsComposite.xib in Resources */ = {isa = PBXBuildFile; fileRef = FAD8BBC41FE34D36006410F7 /* AwardsComposite.xib */; };
		FAD8BBD11FE34D36006410F7 /* AwardsComposite.swift in Sources */ = {isa = PBXBuildFile; fileRef = FAD8BBC51FE34D36006410F7 /* AwardsComposite.swift */; };
		FAD8BBD21FE34D36006410F7 /* Medals.xib in Resources */ = {isa = PBXBuildFile; fileRef = FAD8BBC61FE34D36006410F7 /* Medals.xib */; };
		FAD8BBD31FE34D36006410F7 /* Medals.swift in Sources */ = {isa = PBXBuildFile; fileRef = FAD8BBC71FE34D36006410F7 /* Medals.swift */; };
		FAD8BBD41FE34D36006410F7 /* MedalCollectionViewCell.swift in Sources */ = {isa = PBXBuildFile; fileRef = FAD8BBC81FE34D36006410F7 /* MedalCollectionViewCell.swift */; };
		FAD8BBD51FE34D36006410F7 /* MedalsViewController.swift in Sources */ = {isa = PBXBuildFile; fileRef = FAD8BBC91FE34D36006410F7 /* MedalsViewController.swift */; };
		FAD8BBD61FE34D36006410F7 /* MedalsViewCell.swift in Sources */ = {isa = PBXBuildFile; fileRef = FAD8BBCA1FE34D36006410F7 /* MedalsViewCell.swift */; };
		FAD8BBD71FE34D36006410F7 /* MedalsNavigationController.swift in Sources */ = {isa = PBXBuildFile; fileRef = FAD8BBCB1FE34D36006410F7 /* MedalsNavigationController.swift */; };
		FAD8BBDF1FE34D4C006410F7 /* TasksTableFooter.swift in Sources */ = {isa = PBXBuildFile; fileRef = FAD8BBD91FE34D4C006410F7 /* TasksTableFooter.swift */; };
		FAD8BBE01FE34D4C006410F7 /* TasksTableFooter.xib in Resources */ = {isa = PBXBuildFile; fileRef = FAD8BBDA1FE34D4C006410F7 /* TasksTableFooter.xib */; };
		FAD8BBE11FE34D4C006410F7 /* TasksValidateTableFooter.swift in Sources */ = {isa = PBXBuildFile; fileRef = FAD8BBDB1FE34D4C006410F7 /* TasksValidateTableFooter.swift */; };
		FAD8BBE21FE34D4C006410F7 /* TasksValidateTableFooter.xib in Resources */ = {isa = PBXBuildFile; fileRef = FAD8BBDC1FE34D4C006410F7 /* TasksValidateTableFooter.xib */; };
		FAD8BBE31FE34D4C006410F7 /* TasksValidateDTableFooter.xib in Resources */ = {isa = PBXBuildFile; fileRef = FAD8BBDD1FE34D4C006410F7 /* TasksValidateDTableFooter.xib */; };
		FAD8BBE41FE34D4C006410F7 /* TasksValidateDTableFooter.swift in Sources */ = {isa = PBXBuildFile; fileRef = FAD8BBDE1FE34D4C006410F7 /* TasksValidateDTableFooter.swift */; };
		FAD8BBE81FE34D60006410F7 /* TasksTableHeader.swift in Sources */ = {isa = PBXBuildFile; fileRef = FAD8BBE61FE34D60006410F7 /* TasksTableHeader.swift */; };
		FAD8BBE91FE34D60006410F7 /* TasksTableHeader.xib in Resources */ = {isa = PBXBuildFile; fileRef = FAD8BBE71FE34D60006410F7 /* TasksTableHeader.xib */; };
		FAD8BBED1FE34D89006410F7 /* StudentViewCell.swift in Sources */ = {isa = PBXBuildFile; fileRef = FAD8BBEC1FE34D89006410F7 /* StudentViewCell.swift */; };
		FAD8BBF11FE34D9A006410F7 /* AssignmentViewCellCurrent.swift in Sources */ = {isa = PBXBuildFile; fileRef = FAD8BBEF1FE34D9A006410F7 /* AssignmentViewCellCurrent.swift */; };
		FAD8BBF21FE34D9A006410F7 /* AssignmentViewCell.swift in Sources */ = {isa = PBXBuildFile; fileRef = FAD8BBF01FE34D9A006410F7 /* AssignmentViewCell.swift */; };
		FAD8BBF51FE34DAA006410F7 /* DaysViewCell.swift in Sources */ = {isa = PBXBuildFile; fileRef = FAD8BBF41FE34DAA006410F7 /* DaysViewCell.swift */; };
		FAD8BBF91FE34DC2006410F7 /* TaskItemViewValidateCell.swift in Sources */ = {isa = PBXBuildFile; fileRef = FAD8BBF71FE34DC2006410F7 /* TaskItemViewValidateCell.swift */; };
		FAD8BBFA1FE34DC2006410F7 /* TaskItemValidateActiveCell.swift in Sources */ = {isa = PBXBuildFile; fileRef = FAD8BBF81FE34DC2006410F7 /* TaskItemValidateActiveCell.swift */; };
		FAD8BBFE1FE34DD8006410F7 /* TaskItemViewDayCell.swift in Sources */ = {isa = PBXBuildFile; fileRef = FAD8BBFC1FE34DD8006410F7 /* TaskItemViewDayCell.swift */; };
		FAD8BBFF1FE34DD8006410F7 /* TaskItemActiveDayCell.swift in Sources */ = {isa = PBXBuildFile; fileRef = FAD8BBFD1FE34DD8006410F7 /* TaskItemActiveDayCell.swift */; };
		FAD8BC011FE34DFF006410F7 /* TaskHeaderViewCell.swift in Sources */ = {isa = PBXBuildFile; fileRef = FAD8BC001FE34DFF006410F7 /* TaskHeaderViewCell.swift */; };
		FAD8BC0C1FE34E14006410F7 /* SegmentedViewController.swift in Sources */ = {isa = PBXBuildFile; fileRef = FAD8BC021FE34E14006410F7 /* SegmentedViewController.swift */; };
		FAD8BC0D1FE34E14006410F7 /* AwardsViewController.swift in Sources */ = {isa = PBXBuildFile; fileRef = FAD8BC031FE34E14006410F7 /* AwardsViewController.swift */; };
		FAD8BC0E1FE34E14006410F7 /* StudentListViewController.swift in Sources */ = {isa = PBXBuildFile; fileRef = FAD8BC041FE34E14006410F7 /* StudentListViewController.swift */; };
		FAD8BC0F1FE34E14006410F7 /* AssignmentListViewController.swift in Sources */ = {isa = PBXBuildFile; fileRef = FAD8BC051FE34E14006410F7 /* AssignmentListViewController.swift */; };
		FAD8BC101FE34E14006410F7 /* NavigationController.swift in Sources */ = {isa = PBXBuildFile; fileRef = FAD8BC061FE34E14006410F7 /* NavigationController.swift */; };
		FAD8BC111FE34E14006410F7 /* PracticeDaysViewController.swift in Sources */ = {isa = PBXBuildFile; fileRef = FAD8BC071FE34E14006410F7 /* PracticeDaysViewController.swift */; };
		FAD8BC121FE34E14006410F7 /* TasksViewController.swift in Sources */ = {isa = PBXBuildFile; fileRef = FAD8BC081FE34E14006410F7 /* TasksViewController.swift */; };
		FAD8BC131FE34E14006410F7 /* SetingsViewController.swift in Sources */ = {isa = PBXBuildFile; fileRef = FAD8BC091FE34E14006410F7 /* SetingsViewController.swift */; };
		FAD8BC141FE34E14006410F7 /* TaskViewValidateController.swift in Sources */ = {isa = PBXBuildFile; fileRef = FAD8BC0A1FE34E14006410F7 /* TaskViewValidateController.swift */; };
		FAD8BC151FE34E14006410F7 /* DBSeedViewController.swift in Sources */ = {isa = PBXBuildFile; fileRef = FAD8BC0B1FE34E14006410F7 /* DBSeedViewController.swift */; };
		FAD8BC201FE34E26006410F7 /* Assignment.swift in Sources */ = {isa = PBXBuildFile; fileRef = FAD8BC161FE34E26006410F7 /* Assignment.swift */; };
		FAD8BC211FE34E26006410F7 /* PracticeUnit.swift in Sources */ = {isa = PBXBuildFile; fileRef = FAD8BC171FE34E26006410F7 /* PracticeUnit.swift */; };
		FAD8BC221FE34E26006410F7 /* Task.swift in Sources */ = {isa = PBXBuildFile; fileRef = FAD8BC181FE34E26006410F7 /* Task.swift */; };
		FAD8BC231FE34E26006410F7 /* Student.swift in Sources */ = {isa = PBXBuildFile; fileRef = FAD8BC191FE34E26006410F7 /* Student.swift */; };
		FAD8BC241FE34E26006410F7 /* AppModel.swift in Sources */ = {isa = PBXBuildFile; fileRef = FAD8BC1A1FE34E26006410F7 /* AppModel.swift */; };
		FAD8BC251FE34E26006410F7 /* Teacher.swift in Sources */ = {isa = PBXBuildFile; fileRef = FAD8BC1B1FE34E26006410F7 /* Teacher.swift */; };
		FAD8BC261FE34E26006410F7 /* Person.swift in Sources */ = {isa = PBXBuildFile; fileRef = FAD8BC1C1FE34E26006410F7 /* Person.swift */; };
		FAD8BC271FE34E26006410F7 /* TaskItem.swift in Sources */ = {isa = PBXBuildFile; fileRef = FAD8BC1D1FE34E26006410F7 /* TaskItem.swift */; };
		FAD8BC281FE34E26006410F7 /* Awards.swift in Sources */ = {isa = PBXBuildFile; fileRef = FAD8BC1E1FE34E26006410F7 /* Awards.swift */; };
		FAD8BC2C1FE34E3E006410F7 /* Main.storyboard in Resources */ = {isa = PBXBuildFile; fileRef = FAD8BC2A1FE34E3E006410F7 /* Main.storyboard */; };
		FAD8BC2F1FE34E4F006410F7 /* LaunchScreen.storyboard in Resources */ = {isa = PBXBuildFile; fileRef = FAD8BC2D1FE34E4F006410F7 /* LaunchScreen.storyboard */; };
		FAD8BC331FE34E61006410F7 /* CollectionViewHeader.swift in Sources */ = {isa = PBXBuildFile; fileRef = FAD8BC301FE34E61006410F7 /* CollectionViewHeader.swift */; };
		FAD8BC341FE34E61006410F7 /* NSUserDefaultsManager.swift in Sources */ = {isa = PBXBuildFile; fileRef = FAD8BC311FE34E61006410F7 /* NSUserDefaultsManager.swift */; };
		FAD8BC351FE34E61006410F7 /* iCloudManager.swift in Sources */ = {isa = PBXBuildFile; fileRef = FAD8BC321FE34E61006410F7 /* iCloudManager.swift */; };
		FAD8BC371FE34E70006410F7 /* Assets.xcassets in Resources */ = {isa = PBXBuildFile; fileRef = FAD8BC361FE34E70006410F7 /* Assets.xcassets */; };
		FAD8BC391FE34EBF006410F7 /* AppDelegate.swift in Sources */ = {isa = PBXBuildFile; fileRef = FAD8BC381FE34EBF006410F7 /* AppDelegate.swift */; };
		FAD8BC3B1FE34F4F006410F7 /* Settings.swift in Sources */ = {isa = PBXBuildFile; fileRef = FAD8BC3A1FE34F4F006410F7 /* Settings.swift */; };
/* End PBXBuildFile section */

/* Begin PBXFileReference section */
		FAD8BB891FE3484A006410F7 /* PracticeStarStudent.app */ = {isa = PBXFileReference; explicitFileType = wrapper.application; includeInIndex = 0; path = PracticeStarStudent.app; sourceTree = BUILT_PRODUCTS_DIR; };
		FAD8BB981FE3484A006410F7 /* Info.plist */ = {isa = PBXFileReference; lastKnownFileType = text.plist.xml; path = Info.plist; sourceTree = "<group>"; };
		FAD8BB9E1FE34875006410F7 /* PracticeStarStudent.entitlements */ = {isa = PBXFileReference; lastKnownFileType = text.plist.entitlements; path = PracticeStarStudent.entitlements; sourceTree = "<group>"; };
		FAD8BBA01FE34877006410F7 /* CloudKit.framework */ = {isa = PBXFileReference; lastKnownFileType = wrapper.framework; name = CloudKit.framework; path = System/Library/Frameworks/CloudKit.framework; sourceTree = SDKROOT; };
		FAD8BBAB1FE34CA2006410F7 /* Reachability.swift */ = {isa = PBXFileReference; fileEncoding = 4; lastKnownFileType = sourcecode.swift; name = Reachability.swift; path = "../../../PracticeStarSwift-T/FinalProject_Start_WithTests/Reachability.swift"; sourceTree = "<group>"; };
		FAD8BBAC1FE34CA2006410F7 /* InetConnectionManager.swift */ = {isa = PBXFileReference; fileEncoding = 4; lastKnownFileType = sourcecode.swift; name = InetConnectionManager.swift; path = "../../../PracticeStarSwift-T/FinalProject_Start_WithTests/InetConnectionManager.swift"; sourceTree = "<group>"; };
		FAD8BBAF1FE34CCD006410F7 /* Factory.swift */ = {isa = PBXFileReference; fileEncoding = 4; lastKnownFileType = sourcecode.swift; name = Factory.swift; path = "../../../PracticeStarSwift-T/FinalProject_Start_WithTests/Factory.swift"; sourceTree = "<group>"; };
		FAD8BBB01FE34CCD006410F7 /* CloudRepository.swift */ = {isa = PBXFileReference; fileEncoding = 4; lastKnownFileType = sourcecode.swift; name = CloudRepository.swift; path = "../../../PracticeStarSwift-T/FinalProject_Start_WithTests/CloudRepository.swift"; sourceTree = "<group>"; };
		FAD8BBB11FE34CCD006410F7 /* DataLayer.swift */ = {isa = PBXFileReference; fileEncoding = 4; lastKnownFileType = sourcecode.swift; name = DataLayer.swift; path = "../../../PracticeStarSwift-T/FinalProject_Start_WithTests/DataLayer.swift"; sourceTree = "<group>"; };
		FAD8BBB21FE34CCD006410F7 /* DataBase.swift */ = {isa = PBXFileReference; fileEncoding = 4; lastKnownFileType = sourcecode.swift; name = DataBase.swift; path = "../../../PracticeStarSwift-T/FinalProject_Start_WithTests/DataBase.swift"; sourceTree = "<group>"; };
		FAD8BBB31FE34CCD006410F7 /* Repository.swift */ = {isa = PBXFileReference; fileEncoding = 4; lastKnownFileType = sourcecode.swift; name = Repository.swift; path = "../../../PracticeStarSwift-T/FinalProject_Start_WithTests/Repository.swift"; sourceTree = "<group>"; };
		FAD8BBB41FE34CCD006410F7 /* Constants.swift */ = {isa = PBXFileReference; fileEncoding = 4; lastKnownFileType = sourcecode.swift; name = Constants.swift; path = "../../../PracticeStarSwift-T/FinalProject_Start_WithTests/Constants.swift"; sourceTree = "<group>"; };
		FAD8BBBB1FE34CF4006410F7 /* Utilities.swift */ = {isa = PBXFileReference; fileEncoding = 4; lastKnownFileType = sourcecode.swift; name = Utilities.swift; path = "../../../PracticeStarSwift-T/FinalProject_Start_WithTests/Utilities.swift"; sourceTree = "<group>"; };
		FAD8BBC01FE34D36006410F7 /* AwardLaurel.xib */ = {isa = PBXFileReference; fileEncoding = 4; lastKnownFileType = file.xib; name = AwardLaurel.xib; path = "../../../PracticeStarSwift-T/FinalProject_Start_WithTests/AwardLaurel.xib"; sourceTree = "<group>"; };
		FAD8BBC11FE34D36006410F7 /* AwardLaurel.swift */ = {isa = PBXFileReference; fileEncoding = 4; lastKnownFileType = sourcecode.swift; name = AwardLaurel.swift; path = "../../../PracticeStarSwift-T/FinalProject_Start_WithTests/AwardLaurel.swift"; sourceTree = "<group>"; };
		FAD8BBC21FE34D36006410F7 /* OverallProgress.xib */ = {isa = PBXFileReference; fileEncoding = 4; lastKnownFileType = file.xib; name = OverallProgress.xib; path = "../../../PracticeStarSwift-T/FinalProject_Start_WithTests/OverallProgress.xib"; sourceTree = "<group>"; };
		FAD8BBC31FE34D36006410F7 /* OverallProgress.swift */ = {isa = PBXFileReference; fileEncoding = 4; lastKnownFileType = sourcecode.swift; name = OverallProgress.swift; path = "../../../PracticeStarSwift-T/FinalProject_Start_WithTests/OverallProgress.swift"; sourceTree = "<group>"; };
		FAD8BBC41FE34D36006410F7 /* AwardsComposite.xib */ = {isa = PBXFileReference; fileEncoding = 4; lastKnownFileType = file.xib; name = AwardsComposite.xib; path = "../../../PracticeStarSwift-T/FinalProject_Start_WithTests/AwardsComposite.xib"; sourceTree = "<group>"; };
		FAD8BBC51FE34D36006410F7 /* AwardsComposite.swift */ = {isa = PBXFileReference; fileEncoding = 4; lastKnownFileType = sourcecode.swift; name = AwardsComposite.swift; path = "../../../PracticeStarSwift-T/FinalProject_Start_WithTests/AwardsComposite.swift"; sourceTree = "<group>"; };
		FAD8BBC61FE34D36006410F7 /* Medals.xib */ = {isa = PBXFileReference; fileEncoding = 4; lastKnownFileType = file.xib; name = Medals.xib; path = "../../../PracticeStarSwift-T/FinalProject_Start_WithTests/Medals.xib"; sourceTree = "<group>"; };
		FAD8BBC71FE34D36006410F7 /* Medals.swift */ = {isa = PBXFileReference; fileEncoding = 4; lastKnownFileType = sourcecode.swift; name = Medals.swift; path = "../../../PracticeStarSwift-T/FinalProject_Start_WithTests/Medals.swift"; sourceTree = "<group>"; };
		FAD8BBC81FE34D36006410F7 /* MedalCollectionViewCell.swift */ = {isa = PBXFileReference; fileEncoding = 4; lastKnownFileType = sourcecode.swift; name = MedalCollectionViewCell.swift; path = "../../../PracticeStarSwift-T/FinalProject_Start_WithTests/MedalCollectionViewCell.swift"; sourceTree = "<group>"; };
		FAD8BBC91FE34D36006410F7 /* MedalsViewController.swift */ = {isa = PBXFileReference; fileEncoding = 4; lastKnownFileType = sourcecode.swift; name = MedalsViewController.swift; path = "../../../PracticeStarSwift-T/FinalProject_Start_WithTests/MedalsViewController.swift"; sourceTree = "<group>"; };
		FAD8BBCA1FE34D36006410F7 /* MedalsViewCell.swift */ = {isa = PBXFileReference; fileEncoding = 4; lastKnownFileType = sourcecode.swift; name = MedalsViewCell.swift; path = "../../../PracticeStarSwift-T/FinalProject_Start_WithTests/MedalsViewCell.swift"; sourceTree = "<group>"; };
		FAD8BBCB1FE34D36006410F7 /* MedalsNavigationController.swift */ = {isa = PBXFileReference; fileEncoding = 4; lastKnownFileType = sourcecode.swift; name = MedalsNavigationController.swift; path = "../../../PracticeStarSwift-T/FinalProject_Start_WithTests/MedalsNavigationController.swift"; sourceTree = "<group>"; };
		FAD8BBD91FE34D4C006410F7 /* TasksTableFooter.swift */ = {isa = PBXFileReference; fileEncoding = 4; lastKnownFileType = sourcecode.swift; name = TasksTableFooter.swift; path = "../../../PracticeStarSwift-T/FinalProject_Start_WithTests/TasksTableFooter.swift"; sourceTree = "<group>"; };
		FAD8BBDA1FE34D4C006410F7 /* TasksTableFooter.xib */ = {isa = PBXFileReference; fileEncoding = 4; lastKnownFileType = file.xib; name = TasksTableFooter.xib; path = "../../../PracticeStarSwift-T/FinalProject_Start_WithTests/TasksTableFooter.xib"; sourceTree = "<group>"; };
		FAD8BBDB1FE34D4C006410F7 /* TasksValidateTableFooter.swift */ = {isa = PBXFileReference; fileEncoding = 4; lastKnownFileType = sourcecode.swift; name = TasksValidateTableFooter.swift; path = "../../../PracticeStarSwift-T/FinalProject_Start_WithTests/TasksValidateTableFooter.swift"; sourceTree = "<group>"; };
		FAD8BBDC1FE34D4C006410F7 /* TasksValidateTableFooter.xib */ = {isa = PBXFileReference; fileEncoding = 4; lastKnownFileType = file.xib; name = TasksValidateTableFooter.xib; path = "../../../PracticeStarSwift-T/FinalProject_Start_WithTests/TasksValidateTableFooter.xib"; sourceTree = "<group>"; };
		FAD8BBDD1FE34D4C006410F7 /* TasksValidateDTableFooter.xib */ = {isa = PBXFileReference; fileEncoding = 4; lastKnownFileType = file.xib; name = TasksValidateDTableFooter.xib; path = "../../../PracticeStarSwift-T/FinalProject_Start_WithTests/TasksValidateDTableFooter.xib"; sourceTree = "<group>"; };
		FAD8BBDE1FE34D4C006410F7 /* TasksValidateDTableFooter.swift */ = {isa = PBXFileReference; fileEncoding = 4; lastKnownFileType = sourcecode.swift; name = TasksValidateDTableFooter.swift; path = "../../../PracticeStarSwift-T/FinalProject_Start_WithTests/TasksValidateDTableFooter.swift"; sourceTree = "<group>"; };
		FAD8BBE61FE34D60006410F7 /* TasksTableHeader.swift */ = {isa = PBXFileReference; fileEncoding = 4; lastKnownFileType = sourcecode.swift; name = TasksTableHeader.swift; path = "../../../PracticeStarSwift-T/FinalProject_Start_WithTests/TasksTableHeader.swift"; sourceTree = "<group>"; };
		FAD8BBE71FE34D60006410F7 /* TasksTableHeader.xib */ = {isa = PBXFileReference; fileEncoding = 4; lastKnownFileType = file.xib; name = TasksTableHeader.xib; path = "../../../PracticeStarSwift-T/FinalProject_Start_WithTests/TasksTableHeader.xib"; sourceTree = "<group>"; };
		FAD8BBEC1FE34D89006410F7 /* StudentViewCell.swift */ = {isa = PBXFileReference; fileEncoding = 4; lastKnownFileType = sourcecode.swift; name = StudentViewCell.swift; path = "../../../PracticeStarSwift-T/FinalProject_Start_WithTests/StudentViewCell.swift"; sourceTree = "<group>"; };
		FAD8BBEF1FE34D9A006410F7 /* AssignmentViewCellCurrent.swift */ = {isa = PBXFileReference; fileEncoding = 4; lastKnownFileType = sourcecode.swift; name = AssignmentViewCellCurrent.swift; path = "../../../PracticeStarSwift-T/FinalProject_Start_WithTests/AssignmentViewCellCurrent.swift"; sourceTree = "<group>"; };
		FAD8BBF01FE34D9A006410F7 /* AssignmentViewCell.swift */ = {isa = PBXFileReference; fileEncoding = 4; lastKnownFileType = sourcecode.swift; name = AssignmentViewCell.swift; path = "../../../PracticeStarSwift-T/FinalProject_Start_WithTests/AssignmentViewCell.swift"; sourceTree = "<group>"; };
		FAD8BBF41FE34DAA006410F7 /* DaysViewCell.swift */ = {isa = PBXFileReference; fileEncoding = 4; lastKnownFileType = sourcecode.swift; name = DaysViewCell.swift; path = "../../../PracticeStarSwift-T/FinalProject_Start_WithTests/DaysViewCell.swift"; sourceTree = "<group>"; };
		FAD8BBF71FE34DC2006410F7 /* TaskItemViewValidateCell.swift */ = {isa = PBXFileReference; fileEncoding = 4; lastKnownFileType = sourcecode.swift; name = TaskItemViewValidateCell.swift; path = "../../../PracticeStarSwift-T/FinalProject_Start_WithTests/TaskItemViewValidateCell.swift"; sourceTree = "<group>"; };
		FAD8BBF81FE34DC2006410F7 /* TaskItemValidateActiveCell.swift */ = {isa = PBXFileReference; fileEncoding = 4; lastKnownFileType = sourcecode.swift; name = TaskItemValidateActiveCell.swift; path = "../../../PracticeStarSwift-T/FinalProject_Start_WithTests/TaskItemValidateActiveCell.swift"; sourceTree = "<group>"; };
		FAD8BBFC1FE34DD8006410F7 /* TaskItemViewDayCell.swift */ = {isa = PBXFileReference; fileEncoding = 4; lastKnownFileType = sourcecode.swift; name = TaskItemViewDayCell.swift; path = "../../../PracticeStarSwift-T/FinalProject_Start_WithTests/TaskItemViewDayCell.swift"; sourceTree = "<group>"; };
		FAD8BBFD1FE34DD8006410F7 /* TaskItemActiveDayCell.swift */ = {isa = PBXFileReference; fileEncoding = 4; lastKnownFileType = sourcecode.swift; name = TaskItemActiveDayCell.swift; path = "../../../PracticeStarSwift-T/FinalProject_Start_WithTests/TaskItemActiveDayCell.swift"; sourceTree = "<group>"; };
		FAD8BC001FE34DFF006410F7 /* TaskHeaderViewCell.swift */ = {isa = PBXFileReference; fileEncoding = 4; lastKnownFileType = sourcecode.swift; name = TaskHeaderViewCell.swift; path = "../../../PracticeStarSwift-T/FinalProject_Start_WithTests/TaskHeaderViewCell.swift"; sourceTree = "<group>"; };
		FAD8BC021FE34E14006410F7 /* SegmentedViewController.swift */ = {isa = PBXFileReference; fileEncoding = 4; lastKnownFileType = sourcecode.swift; name = SegmentedViewController.swift; path = "../../../PracticeStarSwift-T/FinalProject_Start_WithTests/SegmentedViewController.swift"; sourceTree = "<group>"; };
		FAD8BC031FE34E14006410F7 /* AwardsViewController.swift */ = {isa = PBXFileReference; fileEncoding = 4; lastKnownFileType = sourcecode.swift; name = AwardsViewController.swift; path = "../../../PracticeStarSwift-T/FinalProject_Start_WithTests/AwardsViewController.swift"; sourceTree = "<group>"; };
		FAD8BC041FE34E14006410F7 /* StudentListViewController.swift */ = {isa = PBXFileReference; fileEncoding = 4; lastKnownFileType = sourcecode.swift; name = StudentListViewController.swift; path = "../../../PracticeStarSwift-T/FinalProject_Start_WithTests/StudentListViewController.swift"; sourceTree = "<group>"; };
		FAD8BC051FE34E14006410F7 /* AssignmentListViewController.swift */ = {isa = PBXFileReference; fileEncoding = 4; lastKnownFileType = sourcecode.swift; name = AssignmentListViewController.swift; path = "../../../PracticeStarSwift-T/FinalProject_Start_WithTests/AssignmentListViewController.swift"; sourceTree = "<group>"; };
		FAD8BC061FE34E14006410F7 /* NavigationController.swift */ = {isa = PBXFileReference; fileEncoding = 4; lastKnownFileType = sourcecode.swift; name = NavigationController.swift; path = "../../../PracticeStarSwift-T/FinalProject_Start_WithTests/NavigationController.swift"; sourceTree = "<group>"; };
		FAD8BC071FE34E14006410F7 /* PracticeDaysViewController.swift */ = {isa = PBXFileReference; fileEncoding = 4; lastKnownFileType = sourcecode.swift; name = PracticeDaysViewController.swift; path = "../../../PracticeStarSwift-T/FinalProject_Start_WithTests/PracticeDaysViewController.swift"; sourceTree = "<group>"; };
		FAD8BC081FE34E14006410F7 /* TasksViewController.swift */ = {isa = PBXFileReference; fileEncoding = 4; lastKnownFileType = sourcecode.swift; name = TasksViewController.swift; path = "../../../PracticeStarSwift-T/FinalProject_Start_WithTests/TasksViewController.swift"; sourceTree = "<group>"; };
		FAD8BC091FE34E14006410F7 /* SetingsViewController.swift */ = {isa = PBXFileReference; fileEncoding = 4; lastKnownFileType = sourcecode.swift; name = SetingsViewController.swift; path = "../../../PracticeStarSwift-T/FinalProject_Start_WithTests/SetingsViewController.swift"; sourceTree = "<group>"; };
		FAD8BC0A1FE34E14006410F7 /* TaskViewValidateController.swift */ = {isa = PBXFileReference; fileEncoding = 4; lastKnownFileType = sourcecode.swift; name = TaskViewValidateController.swift; path = "../../../PracticeStarSwift-T/FinalProject_Start_WithTests/TaskViewValidateController.swift"; sourceTree = "<group>"; };
		FAD8BC0B1FE34E14006410F7 /* DBSeedViewController.swift */ = {isa = PBXFileReference; fileEncoding = 4; lastKnownFileType = sourcecode.swift; name = DBSeedViewController.swift; path = "../../../PracticeStarSwift-T/FinalProject_Start_WithTests/DBSeedViewController.swift"; sourceTree = "<group>"; };
		FAD8BC161FE34E26006410F7 /* Assignment.swift */ = {isa = PBXFileReference; fileEncoding = 4; lastKnownFileType = sourcecode.swift; name = Assignment.swift; path = "../../../PracticeStarSwift-T/FinalProject_Start_WithTests/Assignment.swift"; sourceTree = "<group>"; };
		FAD8BC171FE34E26006410F7 /* PracticeUnit.swift */ = {isa = PBXFileReference; fileEncoding = 4; lastKnownFileType = sourcecode.swift; name = PracticeUnit.swift; path = "../../../PracticeStarSwift-T/FinalProject_Start_WithTests/PracticeUnit.swift"; sourceTree = "<group>"; };
		FAD8BC181FE34E26006410F7 /* Task.swift */ = {isa = PBXFileReference; fileEncoding = 4; lastKnownFileType = sourcecode.swift; name = Task.swift; path = "../../../PracticeStarSwift-T/FinalProject_Start_WithTests/Task.swift"; sourceTree = "<group>"; };
		FAD8BC191FE34E26006410F7 /* Student.swift */ = {isa = PBXFileReference; fileEncoding = 4; lastKnownFileType = sourcecode.swift; name = Student.swift; path = "../../../PracticeStarSwift-T/FinalProject_Start_WithTests/Student.swift"; sourceTree = "<group>"; };
		FAD8BC1A1FE34E26006410F7 /* AppModel.swift */ = {isa = PBXFileReference; fileEncoding = 4; lastKnownFileType = sourcecode.swift; name = AppModel.swift; path = "../../../PracticeStarSwift-T/FinalProject_Start_WithTests/AppModel.swift"; sourceTree = "<group>"; };
		FAD8BC1B1FE34E26006410F7 /* Teacher.swift */ = {isa = PBXFileReference; fileEncoding = 4; lastKnownFileType = sourcecode.swift; name = Teacher.swift; path = "../../../PracticeStarSwift-T/FinalProject_Start_WithTests/Teacher.swift"; sourceTree = "<group>"; };
		FAD8BC1C1FE34E26006410F7 /* Person.swift */ = {isa = PBXFileReference; fileEncoding = 4; lastKnownFileType = sourcecode.swift; name = Person.swift; path = "../../../PracticeStarSwift-T/FinalProject_Start_WithTests/Person.swift"; sourceTree = "<group>"; };
		FAD8BC1D1FE34E26006410F7 /* TaskItem.swift */ = {isa = PBXFileReference; fileEncoding = 4; lastKnownFileType = sourcecode.swift; name = TaskItem.swift; path = "../../../PracticeStarSwift-T/FinalProject_Start_WithTests/TaskItem.swift"; sourceTree = "<group>"; };
		FAD8BC1E1FE34E26006410F7 /* Awards.swift */ = {isa = PBXFileReference; fileEncoding = 4; lastKnownFileType = sourcecode.swift; name = Awards.swift; path = "../../../PracticeStarSwift-T/FinalProject_Start_WithTests/Awards.swift"; sourceTree = "<group>"; };
		FAD8BC2B1FE34E3E006410F7 /* Base */ = {isa = PBXFileReference; lastKnownFileType = file.storyboard; name = Base; path = "../../../PracticeStarSwift-T/FinalProject_Start_WithTests/Base.lproj/Main.storyboard"; sourceTree = "<group>"; };
		FAD8BC2E1FE34E4F006410F7 /* Base */ = {isa = PBXFileReference; lastKnownFileType = file.storyboard; name = Base; path = "../../../PracticeStarSwift-T/FinalProject_Start_WithTests/Base.lproj/LaunchScreen.storyboard"; sourceTree = "<group>"; };
		FAD8BC301FE34E61006410F7 /* CollectionViewHeader.swift */ = {isa = PBXFileReference; fileEncoding = 4; lastKnownFileType = sourcecode.swift; name = CollectionViewHeader.swift; path = "../../../PracticeStarSwift-T/FinalProject_Start_WithTests/CollectionViewHeader.swift"; sourceTree = "<group>"; };
		FAD8BC311FE34E61006410F7 /* NSUserDefaultsManager.swift */ = {isa = PBXFileReference; fileEncoding = 4; lastKnownFileType = sourcecode.swift; name = NSUserDefaultsManager.swift; path = "../../../PracticeStarSwift-T/FinalProject_Start_WithTests/NSUserDefaultsManager.swift"; sourceTree = "<group>"; };
		FAD8BC321FE34E61006410F7 /* iCloudManager.swift */ = {isa = PBXFileReference; fileEncoding = 4; lastKnownFileType = sourcecode.swift; name = iCloudManager.swift; path = "../../../PracticeStarSwift-T/FinalProject_Start_WithTests/iCloudManager.swift"; sourceTree = "<group>"; };
		FAD8BC361FE34E70006410F7 /* Assets.xcassets */ = {isa = PBXFileReference; lastKnownFileType = folder.assetcatalog; name = Assets.xcassets; path = "../../../PracticeStarSwift-T/FinalProject_Start_WithTests/Assets.xcassets"; sourceTree = "<group>"; };
		FAD8BC381FE34EBF006410F7 /* AppDelegate.swift */ = {isa = PBXFileReference; fileEncoding = 4; lastKnownFileType = sourcecode.swift; name = AppDelegate.swift; path = "../../../PracticeStarSwift-T/FinalProject_Start_WithTests/AppDelegate.swift"; sourceTree = "<group>"; };
		FAD8BC3A1FE34F4F006410F7 /* Settings.swift */ = {isa = PBXFileReference; fileEncoding = 4; lastKnownFileType = sourcecode.swift; path = Settings.swift; sourceTree = "<group>"; };
/* End PBXFileReference section */

/* Begin PBXFrameworksBuildPhase section */
		FAD8BB861FE3484A006410F7 /* Frameworks */ = {
			isa = PBXFrameworksBuildPhase;
			buildActionMask = 2147483647;
			files = (
				FAD8BBA11FE34877006410F7 /* CloudKit.framework in Frameworks */,
			);
			runOnlyForDeploymentPostprocessing = 0;
		};
/* End PBXFrameworksBuildPhase section */

/* Begin PBXGroup section */
		FAD8BB801FE3484A006410F7 = {
			isa = PBXGroup;
			children = (
				FAD8BB8B1FE3484A006410F7 /* PracticeStarStudent */,
				FAD8BB8A1FE3484A006410F7 /* Products */,
				FAD8BB9F1FE34877006410F7 /* Frameworks */,
			);
			sourceTree = "<group>";
		};
		FAD8BB8A1FE3484A006410F7 /* Products */ = {
			isa = PBXGroup;
			children = (
				FAD8BB891FE3484A006410F7 /* PracticeStarStudent.app */,
			);
			name = Products;
			sourceTree = "<group>";
		};
		FAD8BB8B1FE3484A006410F7 /* PracticeStarStudent */ = {
			isa = PBXGroup;
			children = (
				FAD8BC381FE34EBF006410F7 /* AppDelegate.swift */,
				FAD8BC301FE34E61006410F7 /* CollectionViewHeader.swift */,
				FAD8BC311FE34E61006410F7 /* NSUserDefaultsManager.swift */,
				FAD8BC321FE34E61006410F7 /* iCloudManager.swift */,
				FAD8BC2D1FE34E4F006410F7 /* LaunchScreen.storyboard */,
				FAD8BC2A1FE34E3E006410F7 /* Main.storyboard */,
				FAD8BBBB1FE34CF4006410F7 /* Utilities.swift */,
				FAD8BBA61FE34C27006410F7 /* Models */,
				FAD8BBA51FE34C21006410F7 /* Controllers */,
				FAD8BBA41FE34C1B006410F7 /* Controls */,
				FAD8BBA31FE34C11006410F7 /* DataAccess */,
				FAD8BBA21FE34BF8006410F7 /* Connectivity */,
				FAD8BB9E1FE34875006410F7 /* PracticeStarStudent.entitlements */,
				FAD8BC361FE34E70006410F7 /* Assets.xcassets */,
				FAD8BB981FE3484A006410F7 /* Info.plist */,
			);
			path = PracticeStarStudent;
			sourceTree = "<group>";
		};
		FAD8BB9F1FE34877006410F7 /* Frameworks */ = {
			isa = PBXGroup;
			children = (
				FAD8BBA01FE34877006410F7 /* CloudKit.framework */,
			);
			name = Frameworks;
			sourceTree = "<group>";
		};
		FAD8BBA21FE34BF8006410F7 /* Connectivity */ = {
			isa = PBXGroup;
			children = (
				FAD8BBAB1FE34CA2006410F7 /* Reachability.swift */,
				FAD8BBAC1FE34CA2006410F7 /* InetConnectionManager.swift */,
			);
			name = Connectivity;
			sourceTree = "<group>";
		};
		FAD8BBA31FE34C11006410F7 /* DataAccess */ = {
			isa = PBXGroup;
			children = (
				FAD8BBAF1FE34CCD006410F7 /* Factory.swift */,
				FAD8BBB01FE34CCD006410F7 /* CloudRepository.swift */,
				FAD8BBB11FE34CCD006410F7 /* DataLayer.swift */,
				FAD8BBB21FE34CCD006410F7 /* DataBase.swift */,
				FAD8BBB31FE34CCD006410F7 /* Repository.swift */,
				FAD8BBB41FE34CCD006410F7 /* Constants.swift */,
			);
			name = DataAccess;
			sourceTree = "<group>";
		};
		FAD8BBA41FE34C1B006410F7 /* Controls */ = {
			isa = PBXGroup;
			children = (
				FAD8BBEA1FE34D65006410F7 /* TableCells */,
				FAD8BBE51FE34D53006410F7 /* TableHeaders */,
				FAD8BBD81FE34D41006410F7 /* TableFooters */,
				FAD8BBBF1FE34D2A006410F7 /* Award */,
			);
			name = Controls;
			sourceTree = "<group>";
		};
		FAD8BBA51FE34C21006410F7 /* Controllers */ = {
			isa = PBXGroup;
			children = (
				FAD8BC021FE34E14006410F7 /* SegmentedViewController.swift */,
				FAD8BC031FE34E14006410F7 /* AwardsViewController.swift */,
				FAD8BC041FE34E14006410F7 /* StudentListViewController.swift */,
				FAD8BC051FE34E14006410F7 /* AssignmentListViewController.swift */,
				FAD8BC061FE34E14006410F7 /* NavigationController.swift */,
				FAD8BC071FE34E14006410F7 /* PracticeDaysViewController.swift */,
				FAD8BC081FE34E14006410F7 /* TasksViewController.swift */,
				FAD8BC091FE34E14006410F7 /* SetingsViewController.swift */,
				FAD8BC0A1FE34E14006410F7 /* TaskViewValidateController.swift */,
				FAD8BC0B1FE34E14006410F7 /* DBSeedViewController.swift */,
			);
			name = Controllers;
			sourceTree = "<group>";
		};
		FAD8BBA61FE34C27006410F7 /* Models */ = {
			isa = PBXGroup;
			children = (
				FAD8BC3A1FE34F4F006410F7 /* Settings.swift */,
				FAD8BC161FE34E26006410F7 /* Assignment.swift */,
				FAD8BC171FE34E26006410F7 /* PracticeUnit.swift */,
				FAD8BC181FE34E26006410F7 /* Task.swift */,
				FAD8BC191FE34E26006410F7 /* Student.swift */,
				FAD8BC1A1FE34E26006410F7 /* AppModel.swift */,
				FAD8BC1B1FE34E26006410F7 /* Teacher.swift */,
				FAD8BC1C1FE34E26006410F7 /* Person.swift */,
				FAD8BC1D1FE34E26006410F7 /* TaskItem.swift */,
				FAD8BC1E1FE34E26006410F7 /* Awards.swift */,
			);
			name = Models;
			sourceTree = "<group>";
		};
		FAD8BBBF1FE34D2A006410F7 /* Award */ = {
			isa = PBXGroup;
			children = (
				FAD8BBC01FE34D36006410F7 /* AwardLaurel.xib */,
				FAD8BBC11FE34D36006410F7 /* AwardLaurel.swift */,
				FAD8BBC21FE34D36006410F7 /* OverallProgress.xib */,
				FAD8BBC31FE34D36006410F7 /* OverallProgress.swift */,
				FAD8BBC41FE34D36006410F7 /* AwardsComposite.xib */,
				FAD8BBC51FE34D36006410F7 /* AwardsComposite.swift */,
				FAD8BBC61FE34D36006410F7 /* Medals.xib */,
				FAD8BBC71FE34D36006410F7 /* Medals.swift */,
				FAD8BBC81FE34D36006410F7 /* MedalCollectionViewCell.swift */,
				FAD8BBC91FE34D36006410F7 /* MedalsViewController.swift */,
				FAD8BBCA1FE34D36006410F7 /* MedalsViewCell.swift */,
				FAD8BBCB1FE34D36006410F7 /* MedalsNavigationController.swift */,
			);
			name = Award;
			sourceTree = "<group>";
		};
		FAD8BBD81FE34D41006410F7 /* TableFooters */ = {
			isa = PBXGroup;
			children = (
				FAD8BBD91FE34D4C006410F7 /* TasksTableFooter.swift */,
				FAD8BBDA1FE34D4C006410F7 /* TasksTableFooter.xib */,
				FAD8BBDB1FE34D4C006410F7 /* TasksValidateTableFooter.swift */,
				FAD8BBDC1FE34D4C006410F7 /* TasksValidateTableFooter.xib */,
				FAD8BBDD1FE34D4C006410F7 /* TasksValidateDTableFooter.xib */,
				FAD8BBDE1FE34D4C006410F7 /* TasksValidateDTableFooter.swift */,
			);
			name = TableFooters;
			sourceTree = "<group>";
		};
		FAD8BBE51FE34D53006410F7 /* TableHeaders */ = {
			isa = PBXGroup;
			children = (
				FAD8BBE61FE34D60006410F7 /* TasksTableHeader.swift */,
				FAD8BBE71FE34D60006410F7 /* TasksTableHeader.xib */,
			);
			name = TableHeaders;
			sourceTree = "<group>";
		};
		FAD8BBEA1FE34D65006410F7 /* TableCells */ = {
			isa = PBXGroup;
			children = (
				FAD8BC001FE34DFF006410F7 /* TaskHeaderViewCell.swift */,
				FAD8BBFB1FE34DCA006410F7 /* TaskByDay */,
				FAD8BBF61FE34DB5006410F7 /* TaskValidate */,
				FAD8BBF31FE34DA1006410F7 /* Day */,
				FAD8BBEE1FE34D8F006410F7 /* Assignment */,
				FAD8BBEB1FE34D71006410F7 /* Student */,
			);
			name = TableCells;
			sourceTree = "<group>";
		};
		FAD8BBEB1FE34D71006410F7 /* Student */ = {
			isa = PBXGroup;
			children = (
				FAD8BBEC1FE34D89006410F7 /* StudentViewCell.swift */,
			);
			name = Student;
			sourceTree = "<group>";
		};
		FAD8BBEE1FE34D8F006410F7 /* Assignment */ = {
			isa = PBXGroup;
			children = (
				FAD8BBEF1FE34D9A006410F7 /* AssignmentViewCellCurrent.swift */,
				FAD8BBF01FE34D9A006410F7 /* AssignmentViewCell.swift */,
			);
			name = Assignment;
			sourceTree = "<group>";
		};
		FAD8BBF31FE34DA1006410F7 /* Day */ = {
			isa = PBXGroup;
			children = (
				FAD8BBF41FE34DAA006410F7 /* DaysViewCell.swift */,
			);
			name = Day;
			sourceTree = "<group>";
		};
		FAD8BBF61FE34DB5006410F7 /* TaskValidate */ = {
			isa = PBXGroup;
			children = (
				FAD8BBF71FE34DC2006410F7 /* TaskItemViewValidateCell.swift */,
				FAD8BBF81FE34DC2006410F7 /* TaskItemValidateActiveCell.swift */,
			);
			name = TaskValidate;
			sourceTree = "<group>";
		};
		FAD8BBFB1FE34DCA006410F7 /* TaskByDay */ = {
			isa = PBXGroup;
			children = (
				FAD8BBFC1FE34DD8006410F7 /* TaskItemViewDayCell.swift */,
				FAD8BBFD1FE34DD8006410F7 /* TaskItemActiveDayCell.swift */,
			);
			name = TaskByDay;
			sourceTree = "<group>";
		};
/* End PBXGroup section */

/* Begin PBXNativeTarget section */
		FAD8BB881FE3484A006410F7 /* PracticeStarStudent */ = {
			isa = PBXNativeTarget;
			buildConfigurationList = FAD8BB9B1FE3484A006410F7 /* Build configuration list for PBXNativeTarget "PracticeStarStudent" */;
			buildPhases = (
				FAD8BB851FE3484A006410F7 /* Sources */,
				FAD8BB861FE3484A006410F7 /* Frameworks */,
				FAD8BB871FE3484A006410F7 /* Resources */,
			);
			buildRules = (
			);
			dependencies = (
			);
			name = PracticeStarStudent;
			productName = PracticeStarStudent;
			productReference = FAD8BB891FE3484A006410F7 /* PracticeStarStudent.app */;
			productType = "com.apple.product-type.application";
		};
/* End PBXNativeTarget section */

/* Begin PBXProject section */
		FAD8BB811FE3484A006410F7 /* Project object */ = {
			isa = PBXProject;
			attributes = {
				LastSwiftUpdateCheck = 0830;
				LastUpgradeCheck = 0830;
				ORGANIZATIONNAME = com.igorkalennyy.PracticeStarCloud;
				TargetAttributes = {
					FAD8BB881FE3484A006410F7 = {
						CreatedOnToolsVersion = 8.3.3;
						DevelopmentTeam = YR9348E2QP;
						LastSwiftMigration = 0830;
						ProvisioningStyle = Automatic;
						SystemCapabilities = {
							com.apple.Push = {
								enabled = 1;
							};
							com.apple.iCloud = {
								enabled = 1;
							};
						};
					};
				};
			};
			buildConfigurationList = FAD8BB841FE3484A006410F7 /* Build configuration list for PBXProject "PracticeStarStudent" */;
			compatibilityVersion = "Xcode 3.2";
			developmentRegion = English;
			hasScannedForEncodings = 0;
			knownRegions = (
				en,
				Base,
			);
			mainGroup = FAD8BB801FE3484A006410F7;
			productRefGroup = FAD8BB8A1FE3484A006410F7 /* Products */;
			projectDirPath = "";
			projectRoot = "";
			targets = (
				FAD8BB881FE3484A006410F7 /* PracticeStarStudent */,
			);
		};
/* End PBXProject section */

/* Begin PBXResourcesBuildPhase section */
		FAD8BB871FE3484A006410F7 /* Resources */ = {
			isa = PBXResourcesBuildPhase;
			buildActionMask = 2147483647;
			files = (
				FAD8BBD21FE34D36006410F7 /* Medals.xib in Resources */,
				FAD8BC2C1FE34E3E006410F7 /* Main.storyboard in Resources */,
				FAD8BBE31FE34D4C006410F7 /* TasksValidateDTableFooter.xib in Resources */,
				FAD8BBCE1FE34D36006410F7 /* OverallProgress.xib in Resources */,
				FAD8BBD01FE34D36006410F7 /* AwardsComposite.xib in Resources */,
				FAD8BBE21FE34D4C006410F7 /* TasksValidateTableFooter.xib in Resources */,
				FAD8BBCC1FE34D36006410F7 /* AwardLaurel.xib in Resources */,
				FAD8BBE91FE34D60006410F7 /* TasksTableHeader.xib in Resources */,
				FAD8BBE01FE34D4C006410F7 /* TasksTableFooter.xib in Resources */,
				FAD8BC2F1FE34E4F006410F7 /* LaunchScreen.storyboard in Resources */,
				FAD8BC371FE34E70006410F7 /* Assets.xcassets in Resources */,
			);
			runOnlyForDeploymentPostprocessing = 0;
		};
/* End PBXResourcesBuildPhase section */

/* Begin PBXSourcesBuildPhase section */
		FAD8BB851FE3484A006410F7 /* Sources */ = {
			isa = PBXSourcesBuildPhase;
			buildActionMask = 2147483647;
			files = (
				FAD8BBD61FE34D36006410F7 /* MedalsViewCell.swift in Sources */,
				FAD8BBB91FE34CCD006410F7 /* Repository.swift in Sources */,
				FAD8BBAD1FE34CA2006410F7 /* Reachability.swift in Sources */,
				FAD8BC231FE34E26006410F7 /* Student.swift in Sources */,
				FAD8BBF51FE34DAA006410F7 /* DaysViewCell.swift in Sources */,
				FAD8BBFF1FE34DD8006410F7 /* TaskItemActiveDayCell.swift in Sources */,
				FAD8BBD41FE34D36006410F7 /* MedalCollectionViewCell.swift in Sources */,
				FAD8BBB71FE34CCD006410F7 /* DataLayer.swift in Sources */,
				FAD8BC0C1FE34E14006410F7 /* SegmentedViewController.swift in Sources */,
				FAD8BC211FE34E26006410F7 /* PracticeUnit.swift in Sources */,
				FAD8BC331FE34E61006410F7 /* CollectionViewHeader.swift in Sources */,
				FAD8BBFA1FE34DC2006410F7 /* TaskItemValidateActiveCell.swift in Sources */,
				FAD8BC281FE34E26006410F7 /* Awards.swift in Sources */,
				FAD8BC351FE34E61006410F7 /* iCloudManager.swift in Sources */,
				FAD8BBAE1FE34CA2006410F7 /* InetConnectionManager.swift in Sources */,
				FAD8BBE11FE34D4C006410F7 /* TasksValidateTableFooter.swift in Sources */,
				FAD8BC241FE34E26006410F7 /* AppModel.swift in Sources */,
				FAD8BBB51FE34CCD006410F7 /* Factory.swift in Sources */,
				FAD8BC101FE34E14006410F7 /* NavigationController.swift in Sources */,
				FAD8BBD11FE34D36006410F7 /* AwardsComposite.swift in Sources */,
				FAD8BBE41FE34D4C006410F7 /* TasksValidateDTableFooter.swift in Sources */,
				FAD8BBB81FE34CCD006410F7 /* DataBase.swift in Sources */,
				FAD8BBF91FE34DC2006410F7 /* TaskItemViewValidateCell.swift in Sources */,
				FAD8BC0E1FE34E14006410F7 /* StudentListViewController.swift in Sources */,
				FAD8BC3B1FE34F4F006410F7 /* Settings.swift in Sources */,
				FAD8BBCF1FE34D36006410F7 /* OverallProgress.swift in Sources */,
				FAD8BC151FE34E14006410F7 /* DBSeedViewController.swift in Sources */,
				FAD8BC011FE34DFF006410F7 /* TaskHeaderViewCell.swift in Sources */,
				FAD8BC261FE34E26006410F7 /* Person.swift in Sources */,
				FAD8BC141FE34E14006410F7 /* TaskViewValidateController.swift in Sources */,
				FAD8BBD51FE34D36006410F7 /* MedalsViewController.swift in Sources */,
				FAD8BC201FE34E26006410F7 /* Assignment.swift in Sources */,
				FAD8BBBC1FE34CF4006410F7 /* Utilities.swift in Sources */,
				FAD8BBB61FE34CCD006410F7 /* CloudRepository.swift in Sources */,
				FAD8BBF21FE34D9A006410F7 /* AssignmentViewCell.swift in Sources */,
				FAD8BC0F1FE34E14006410F7 /* AssignmentListViewController.swift in Sources */,
				FAD8BC0D1FE34E14006410F7 /* AwardsViewController.swift in Sources */,
				FAD8BBFE1FE34DD8006410F7 /* TaskItemViewDayCell.swift in Sources */,
				FAD8BBE81FE34D60006410F7 /* TasksTableHeader.swift in Sources */,
				FAD8BC111FE34E14006410F7 /* PracticeDaysViewController.swift in Sources */,
				FAD8BBED1FE34D89006410F7 /* StudentViewCell.swift in Sources */,
				FAD8BC131FE34E14006410F7 /* SetingsViewController.swift in Sources */,
				FAD8BC121FE34E14006410F7 /* TasksViewController.swift in Sources */,
				FAD8BBD71FE34D36006410F7 /* MedalsNavigationController.swift in Sources */,
				FAD8BBF11FE34D9A006410F7 /* AssignmentViewCellCurrent.swift in Sources */,
				FAD8BC251FE34E26006410F7 /* Teacher.swift in Sources */,
				FAD8BC341FE34E61006410F7 /* NSUserDefaultsManager.swift in Sources */,
				FAD8BBCD1FE34D36006410F7 /* AwardLaurel.swift in Sources */,
				FAD8BC391FE34EBF006410F7 /* AppDelegate.swift in Sources */,
				FAD8BC271FE34E26006410F7 /* TaskItem.swift in Sources */,
				FAD8BBD31FE34D36006410F7 /* Medals.swift in Sources */,
				FAD8BC221FE34E26006410F7 /* Task.swift in Sources */,
				FAD8BBDF1FE34D4C006410F7 /* TasksTableFooter.swift in Sources */,
				FAD8BBBA1FE34CCD006410F7 /* Constants.swift in Sources */,
			);
			runOnlyForDeploymentPostprocessing = 0;
		};
/* End PBXSourcesBuildPhase section */

/* Begin PBXVariantGroup section */
		FAD8BC2A1FE34E3E006410F7 /* Main.storyboard */ = {
			isa = PBXVariantGroup;
			children = (
				FAD8BC2B1FE34E3E006410F7 /* Base */,
			);
			name = Main.storyboard;
			sourceTree = "<group>";
		};
		FAD8BC2D1FE34E4F006410F7 /* LaunchScreen.storyboard */ = {
			isa = PBXVariantGroup;
			children = (
				FAD8BC2E1FE34E4F006410F7 /* Base */,
			);
			name = LaunchScreen.storyboard;
			sourceTree = "<group>";
		};
/* End PBXVariantGroup section */

/* Begin XCBuildConfiguration section */
		FAD8BB991FE3484A006410F7 /* Debug */ = {
			isa = XCBuildConfiguration;
			buildSettings = {
				ALWAYS_SEARCH_USER_PATHS = NO;
				CLANG_ANALYZER_NONNULL = YES;
				CLANG_ANALYZER_NUMBER_OBJECT_CONVERSION = YES_AGGRESSIVE;
				CLANG_CXX_LANGUAGE_STANDARD = "gnu++0x";
				CLANG_CXX_LIBRARY = "libc++";
				CLANG_ENABLE_MODULES = YES;
				CLANG_ENABLE_OBJC_ARC = YES;
				CLANG_WARN_BOOL_CONVERSION = YES;
				CLANG_WARN_CONSTANT_CONVERSION = YES;
				CLANG_WARN_DIRECT_OBJC_ISA_USAGE = YES_ERROR;
				CLANG_WARN_DOCUMENTATION_COMMENTS = YES;
				CLANG_WARN_EMPTY_BODY = YES;
				CLANG_WARN_ENUM_CONVERSION = YES;
				CLANG_WARN_INFINITE_RECURSION = YES;
				CLANG_WARN_INT_CONVERSION = YES;
				CLANG_WARN_OBJC_ROOT_CLASS = YES_ERROR;
				CLANG_WARN_SUSPICIOUS_MOVE = YES;
				CLANG_WARN_UNREACHABLE_CODE = YES;
				CLANG_WARN__DUPLICATE_METHOD_MATCH = YES;
				"CODE_SIGN_IDENTITY[sdk=iphoneos*]" = "iPhone Developer";
				COPY_PHASE_STRIP = NO;
				DEBUG_INFORMATION_FORMAT = dwarf;
				ENABLE_STRICT_OBJC_MSGSEND = YES;
				ENABLE_TESTABILITY = YES;
				GCC_C_LANGUAGE_STANDARD = gnu99;
				GCC_DYNAMIC_NO_PIC = NO;
				GCC_NO_COMMON_BLOCKS = YES;
				GCC_OPTIMIZATION_LEVEL = 0;
				GCC_PREPROCESSOR_DEFINITIONS = (
					"DEBUG=1",
					"$(inherited)",
				);
				GCC_WARN_64_TO_32_BIT_CONVERSION = YES;
				GCC_WARN_ABOUT_RETURN_TYPE = YES_ERROR;
				GCC_WARN_UNDECLARED_SELECTOR = YES;
				GCC_WARN_UNINITIALIZED_AUTOS = YES_AGGRESSIVE;
				GCC_WARN_UNUSED_FUNCTION = YES;
				GCC_WARN_UNUSED_VARIABLE = YES;
				IPHONEOS_DEPLOYMENT_TARGET = 10.3;
				MTL_ENABLE_DEBUG_INFO = YES;
				ONLY_ACTIVE_ARCH = YES;
				SDKROOT = iphoneos;
				SWIFT_ACTIVE_COMPILATION_CONDITIONS = DEBUG;
				SWIFT_OPTIMIZATION_LEVEL = "-Onone";
				TARGETED_DEVICE_FAMILY = "1,2";
			};
			name = Debug;
		};
		FAD8BB9A1FE3484A006410F7 /* Release */ = {
			isa = XCBuildConfiguration;
			buildSettings = {
				ALWAYS_SEARCH_USER_PATHS = NO;
				CLANG_ANALYZER_NONNULL = YES;
				CLANG_ANALYZER_NUMBER_OBJECT_CONVERSION = YES_AGGRESSIVE;
				CLANG_CXX_LANGUAGE_STANDARD = "gnu++0x";
				CLANG_CXX_LIBRARY = "libc++";
				CLANG_ENABLE_MODULES = YES;
				CLANG_ENABLE_OBJC_ARC = YES;
				CLANG_WARN_BOOL_CONVERSION = YES;
				CLANG_WARN_CONSTANT_CONVERSION = YES;
				CLANG_WARN_DIRECT_OBJC_ISA_USAGE = YES_ERROR;
				CLANG_WARN_DOCUMENTATION_COMMENTS = YES;
				CLANG_WARN_EMPTY_BODY = YES;
				CLANG_WARN_ENUM_CONVERSION = YES;
				CLANG_WARN_INFINITE_RECURSION = YES;
				CLANG_WARN_INT_CONVERSION = YES;
				CLANG_WARN_OBJC_ROOT_CLASS = YES_ERROR;
				CLANG_WARN_SUSPICIOUS_MOVE = YES;
				CLANG_WARN_UNREACHABLE_CODE = YES;
				CLANG_WARN__DUPLICATE_METHOD_MATCH = YES;
				"CODE_SIGN_IDENTITY[sdk=iphoneos*]" = "iPhone Developer";
				COPY_PHASE_STRIP = NO;
				DEBUG_INFORMATION_FORMAT = "dwarf-with-dsym";
				ENABLE_NS_ASSERTIONS = NO;
				ENABLE_STRICT_OBJC_MSGSEND = YES;
				GCC_C_LANGUAGE_STANDARD = gnu99;
				GCC_NO_COMMON_BLOCKS = YES;
				GCC_WARN_64_TO_32_BIT_CONVERSION = YES;
				GCC_WARN_ABOUT_RETURN_TYPE = YES_ERROR;
				GCC_WARN_UNDECLARED_SELECTOR = YES;
				GCC_WARN_UNINITIALIZED_AUTOS = YES_AGGRESSIVE;
				GCC_WARN_UNUSED_FUNCTION = YES;
				GCC_WARN_UNUSED_VARIABLE = YES;
				IPHONEOS_DEPLOYMENT_TARGET = 10.3;
				MTL_ENABLE_DEBUG_INFO = NO;
				SDKROOT = iphoneos;
				SWIFT_OPTIMIZATION_LEVEL = "-Owholemodule";
				TARGETED_DEVICE_FAMILY = "1,2";
				VALIDATE_PRODUCT = YES;
			};
			name = Release;
		};
		FAD8BB9C1FE3484A006410F7 /* Debug */ = {
			isa = XCBuildConfiguration;
			buildSettings = {
				ASSETCATALOG_COMPILER_APPICON_NAME = AppIcon;
				CLANG_ENABLE_MODULES = YES;
				CODE_SIGN_ENTITLEMENTS = PracticeStarStudent/PracticeStarStudent.entitlements;
				DEVELOPMENT_TEAM = YR9348E2QP;
				INFOPLIST_FILE = PracticeStarStudent/Info.plist;
				LD_RUNPATH_SEARCH_PATHS = "$(inherited) @executable_path/Frameworks";
				PRODUCT_BUNDLE_IDENTIFIER = com.igorkalennyy.PracticeStarCloudStudent;
				PRODUCT_NAME = "$(TARGET_NAME)";
				SWIFT_OPTIMIZATION_LEVEL = "-Onone";
				SWIFT_VERSION = 3.0;
			};
			name = Debug;
		};
		FAD8BB9D1FE3484A006410F7 /* Release */ = {
			isa = XCBuildConfiguration;
			buildSettings = {
				ASSETCATALOG_COMPILER_APPICON_NAME = AppIcon;
				CLANG_ENABLE_MODULES = YES;
				CODE_SIGN_ENTITLEMENTS = PracticeStarStudent/PracticeStarStudent.entitlements;
				DEVELOPMENT_TEAM = YR9348E2QP;
				INFOPLIST_FILE = PracticeStarStudent/Info.plist;
				LD_RUNPATH_SEARCH_PATHS = "$(inherited) @executable_path/Frameworks";
				PRODUCT_BUNDLE_IDENTIFIER = com.igorkalennyy.PracticeStarCloudStudent;
				PRODUCT_NAME = "$(TARGET_NAME)";
				SWIFT_VERSION = 3.0;
			};
			name = Release;
		};
/* End XCBuildConfiguration section */

/* Begin XCConfigurationList section */
		FAD8BB841FE3484A006410F7 /* Build configuration list for PBXProject "PracticeStarStudent" */ = {
			isa = XCConfigurationList;
			buildConfigurations = (
				FAD8BB991FE3484A006410F7 /* Debug */,
				FAD8BB9A1FE3484A006410F7 /* Release */,
			);
			defaultConfigurationIsVisible = 0;
			defaultConfigurationName = Release;
		};
		FAD8BB9B1FE3484A006410F7 /* Build configuration list for PBXNativeTarget "PracticeStarStudent" */ = {
			isa = XCConfigurationList;
			buildConfigurations = (
				FAD8BB9C1FE3484A006410F7 /* Debug */,
				FAD8BB9D1FE3484A006410F7 /* Release */,
			);
			defaultConfigurationIsVisible = 0;
		};
/* End XCConfigurationList section */
	};
	rootObject = FAD8BB811FE3484A006410F7 /* Project object */;
}
